// !$*UTF8*$!
{
	archiveVersion = 1;
	classes = {
	};
	objectVersion = 46;
	objects = {

/* Begin PBXBuildFile section */
		00982801386142B9A5880C8C /* Foundation.ttf in Resources */ = {isa = PBXBuildFile; fileRef = 1E3B707E866B4CD3BA900CE9 /* Foundation.ttf */; };
		00C302E51ABCBA2D00DB3ED1 /* libRCTActionSheet.a in Frameworks */ = {isa = PBXBuildFile; fileRef = 00C302AC1ABCB8CE00DB3ED1 /* libRCTActionSheet.a */; };
		00C302E71ABCBA2D00DB3ED1 /* libRCTGeolocation.a in Frameworks */ = {isa = PBXBuildFile; fileRef = 00C302BA1ABCB90400DB3ED1 /* libRCTGeolocation.a */; };
		00C302E81ABCBA2D00DB3ED1 /* libRCTImage.a in Frameworks */ = {isa = PBXBuildFile; fileRef = 00C302C01ABCB91800DB3ED1 /* libRCTImage.a */; };
		00C302E91ABCBA2D00DB3ED1 /* libRCTNetwork.a in Frameworks */ = {isa = PBXBuildFile; fileRef = 00C302DC1ABCB9D200DB3ED1 /* libRCTNetwork.a */; };
		00C302EA1ABCBA2D00DB3ED1 /* libRCTVibration.a in Frameworks */ = {isa = PBXBuildFile; fileRef = 00C302E41ABCB9EE00DB3ED1 /* libRCTVibration.a */; };
		00E356F31AD99517003FC87E /* Pearson360Tests.m in Sources */ = {isa = PBXBuildFile; fileRef = 00E356F21AD99517003FC87E /* Pearson360Tests.m */; };
		066C35448AE342DC82B2760F /* Entypo.ttf in Resources */ = {isa = PBXBuildFile; fileRef = 24AB0A5EC832459593D702AC /* Entypo.ttf */; };
		0D589314406543F1B01696CB /* Zocial.ttf in Resources */ = {isa = PBXBuildFile; fileRef = 063AC9F44F974AA29920D13E /* Zocial.ttf */; };
		0D9A6AC851F44DB39DBB5581 /* OpenSans-Regular.ttf in Resources */ = {isa = PBXBuildFile; fileRef = 228E150689DB45E7849C9E1D /* OpenSans-Regular.ttf */; };
		0F9B6AD3E41143F8BD079ED2 /* OpenSans-SemiboldItalic.ttf in Resources */ = {isa = PBXBuildFile; fileRef = 90D8F7C01F594F2DBF276707 /* OpenSans-SemiboldItalic.ttf */; };
		11F3CE89DE9A40399ECBC0EA /* libRNFetchBlob.a in Frameworks */ = {isa = PBXBuildFile; fileRef = AB17C7F8B7994E22A4421CFF /* libRNFetchBlob.a */; };
		133E29F31AD74F7200F7D852 /* libRCTLinking.a in Frameworks */ = {isa = PBXBuildFile; fileRef = 78C398B91ACF4ADC00677621 /* libRCTLinking.a */; };
		139105C61AF99C1200B5F7CC /* libRCTSettings.a in Frameworks */ = {isa = PBXBuildFile; fileRef = 139105C11AF99BAD00B5F7CC /* libRCTSettings.a */; };
		139FDEF61B0652A700C62182 /* libRCTWebSocket.a in Frameworks */ = {isa = PBXBuildFile; fileRef = 139FDEF41B06529B00C62182 /* libRCTWebSocket.a */; };
		13B07FBC1A68108700A75B9A /* AppDelegate.m in Sources */ = {isa = PBXBuildFile; fileRef = 13B07FB01A68108700A75B9A /* AppDelegate.m */; };
		13B07FBF1A68108700A75B9A /* Images.xcassets in Resources */ = {isa = PBXBuildFile; fileRef = 13B07FB51A68108700A75B9A /* Images.xcassets */; };
		13B07FC11A68108700A75B9A /* main.m in Sources */ = {isa = PBXBuildFile; fileRef = 13B07FB71A68108700A75B9A /* main.m */; };
		140ED2AC1D01E1AD002B40FF /* libReact.a in Frameworks */ = {isa = PBXBuildFile; fileRef = 146834041AC3E56700842450 /* libReact.a */; };
		146834051AC3E58100842450 /* libReact.a in Frameworks */ = {isa = PBXBuildFile; fileRef = 146834041AC3E56700842450 /* libReact.a */; };
		1C7D2C7D7E4145A68528F7EA /* OpenSans-Light.ttf in Resources */ = {isa = PBXBuildFile; fileRef = 15471EF48660491097F3C6D3 /* OpenSans-Light.ttf */; };
		23DBD4EB8DEB43E28C687211 /* OpenSans-Italic.ttf in Resources */ = {isa = PBXBuildFile; fileRef = 8258E4DF0CD54896AD5B7FBF /* OpenSans-Italic.ttf */; };
		29E55D0079F640F5977744D0 /* libBVLinearGradient.a in Frameworks */ = {isa = PBXBuildFile; fileRef = DCD0CD24ED21447F9A5F67E9 /* libBVLinearGradient.a */; };
		2D923AC09513426CBDB397CF /* SimpleLineIcons.ttf in Resources */ = {isa = PBXBuildFile; fileRef = 58D53F1B1A7F4118BC2874CF /* SimpleLineIcons.ttf */; };
		2E06A8D6812D4F3085A34A86 /* OpenSans-BoldItalic.ttf in Resources */ = {isa = PBXBuildFile; fileRef = AA9DAD5E6A9547279FEB8D9A /* OpenSans-BoldItalic.ttf */; };
		3277884FF7EC4B64A894C83C /* libRNDeviceInfo.a in Frameworks */ = {isa = PBXBuildFile; fileRef = 07CF02CB490343679C20326F /* libRNDeviceInfo.a */; };
		38D5D5E3E5444901BC2CCC94 /* FontAwesome.ttf in Resources */ = {isa = PBXBuildFile; fileRef = 04D7B7D06917434B9F4343EB /* FontAwesome.ttf */; };
		43DB0FA3B9C34A03A0AAC6C4 /* libRCTFBSDK.a in Frameworks */ = {isa = PBXBuildFile; fileRef = 72B67DAFDF3E4C6886A9D4AF /* libRCTFBSDK.a */; };
		4D04AEFF2F2649119D1F3CB5 /* Octicons.ttf in Resources */ = {isa = PBXBuildFile; fileRef = 7F9A0772F2944DABABB45420 /* Octicons.ttf */; };
		4D5A583744394965B6616514 /* libRCTYouTube.a in Frameworks */ = {isa = PBXBuildFile; fileRef = 5D6D6659730942CF8A88CA20 /* libRCTYouTube.a */; };
		5D3F5553718642308CB45960 /* libSMXCrashlytics.a in Frameworks */ = {isa = PBXBuildFile; fileRef = 1D52AA769EB94A56B461DCDA /* libSMXCrashlytics.a */; };
		5E9157361DD0AC6A00FF2AA8 /* libRCTAnimation.a in Frameworks */ = {isa = PBXBuildFile; fileRef = 5E9157331DD0AC6500FF2AA8 /* libRCTAnimation.a */; };
		606D50811EF2A2BF002E65E1 /* icomoon.ttf in Resources */ = {isa = PBXBuildFile; fileRef = 606D50801EF2A2BF002E65E1 /* icomoon.ttf */; };
		60AA4A651E38AA6C007BA7E3 /* libRCTCameraRoll.a in Frameworks */ = {isa = PBXBuildFile; fileRef = 60AA4A641E38AA55007BA7E3 /* libRCTCameraRoll.a */; };
		68682D2C7456418F85779301 /* libAutoGrowTextInput.a in Frameworks */ = {isa = PBXBuildFile; fileRef = F29C4AE7885F4F8B88A2E82D /* libAutoGrowTextInput.a */; };
		6B59A0B48E4E4F85989FF0DC /* MaterialIcons.ttf in Resources */ = {isa = PBXBuildFile; fileRef = DFEFF5315FEE4422ABD68274 /* MaterialIcons.ttf */; };
		72A30FCB3FA548ACBB638D86 /* libRNIntercom.a in Frameworks */ = {isa = PBXBuildFile; fileRef = 6C10EE56518C4A9A9A15CB56 /* libRNIntercom.a */; };
		7896C9B73EA5436F97574A9F /* OpenSans-Bold.ttf in Resources */ = {isa = PBXBuildFile; fileRef = 2D5AE329D3234D49B791F3CB /* OpenSans-Bold.ttf */; };
		7C21D8A3D095418FA3F275C9 /* libRNImagePicker.a in Frameworks */ = {isa = PBXBuildFile; fileRef = CD5AFA12D7C94EDEA609B70D /* libRNImagePicker.a */; };
		7DC26C560DB4425F9A280CB2 /* OpenSans-LightItalic.ttf in Resources */ = {isa = PBXBuildFile; fileRef = 25BEF79875C94B01B02E1C4C /* OpenSans-LightItalic.ttf */; };
		8169DE061EBC9D57006DB9EE /* Intercom.framework in Frameworks */ = {isa = PBXBuildFile; fileRef = 8169DE051EBC9D57006DB9EE /* Intercom.framework */; };
		8169DE071EBC9D57006DB9EE /* Intercom.framework in Embed Frameworks */ = {isa = PBXBuildFile; fileRef = 8169DE051EBC9D57006DB9EE /* Intercom.framework */; settings = {ATTRIBUTES = (CodeSignOnCopy, RemoveHeadersOnCopy, ); }; };
		832341BD1AAA6AB300B99B32 /* libRCTText.a in Frameworks */ = {isa = PBXBuildFile; fileRef = 832341B51AAA6A8300B99B32 /* libRCTText.a */; };
		83992F161EC5B522008E4D8C /* Fabric.framework in Frameworks */ = {isa = PBXBuildFile; fileRef = 83992F141EC5B522008E4D8C /* Fabric.framework */; };
		83992F171EC5B522008E4D8C /* Crashlytics.framework in Frameworks */ = {isa = PBXBuildFile; fileRef = 83992F151EC5B522008E4D8C /* Crashlytics.framework */; };
		83D78C851EE6DFD70021AC37 /* YTPlayerView-iframe-player.html in Resources */ = {isa = PBXBuildFile; fileRef = 83D78C841EE6DFD70021AC37 /* YTPlayerView-iframe-player.html */; };
		84B77DC83E3B4E87AF27A12A /* libRCTVideo.a in Frameworks */ = {isa = PBXBuildFile; fileRef = B9C0E7C55DD448349731188F /* libRCTVideo.a */; };
		89EF6799A2B7463B8D0C52CA /* libRNVectorIcons.a in Frameworks */ = {isa = PBXBuildFile; fileRef = A9DA1581D35F45909ED6E036 /* libRNVectorIcons.a */; };
		8B2D22A0E12E481B900FBEE8 /* libReactNativeConfig.a in Frameworks */ = {isa = PBXBuildFile; fileRef = 8347D38049BA4BA79FB50026 /* libReactNativeConfig.a */; };
		8EE50F7AB46647EA937D0B12 /* libRNSVG.a in Frameworks */ = {isa = PBXBuildFile; fileRef = 4A0AD0DC8C724F2993C80F88 /* libRNSVG.a */; };
		A16831D5B01E4A45B7310CD1 /* Ionicons.ttf in Resources */ = {isa = PBXBuildFile; fileRef = 4B128760C8824EF9B49D74FB /* Ionicons.ttf */; };
		A380EEC04D364DD8A6DFA5BF /* libReactNativePermissions.a in Frameworks */ = {isa = PBXBuildFile; fileRef = BB2FBF6B60704D4191053DAB /* libReactNativePermissions.a */; };
		BB301465ECC24D9AB3304A7E /* MaterialCommunityIcons.ttf in Resources */ = {isa = PBXBuildFile; fileRef = 974E1266D1EA43C9A9150961 /* MaterialCommunityIcons.ttf */; };
		C2FFBA70B7C74F3D91A84A54 /* PlayfairDisplay-Bold.ttf in Resources */ = {isa = PBXBuildFile; fileRef = 30A3D9FBE6A8469493CB0764 /* PlayfairDisplay-Bold.ttf */; };
		D6E125F5EB2C40249AC25EAA /* EvilIcons.ttf in Resources */ = {isa = PBXBuildFile; fileRef = 0AD1EC6F87DF458494940FEA /* EvilIcons.ttf */; };
		D79C67D92068954200783615 /* Bolts.framework in Frameworks */ = {isa = PBXBuildFile; fileRef = D79C67AA2068954200783615 /* Bolts.framework */; };
		D79C67DB2068955B00783615 /* FBSDKCoreKit.framework in Frameworks */ = {isa = PBXBuildFile; fileRef = D79C67DA2068955B00783615 /* FBSDKCoreKit.framework */; };
		D79C67DD2068956C00783615 /* FBSDKLoginKit.framework in Frameworks */ = {isa = PBXBuildFile; fileRef = D79C67DC2068956C00783615 /* FBSDKLoginKit.framework */; };
		D79C67DF2068957A00783615 /* FBSDKShareKit.framework in Frameworks */ = {isa = PBXBuildFile; fileRef = D79C67DE2068957A00783615 /* FBSDKShareKit.framework */; };
		DB0F305CE8054C17868837FC /* OpenSans-Semibold.ttf in Resources */ = {isa = PBXBuildFile; fileRef = 064375821CD94DA580BC6B39 /* OpenSans-Semibold.ttf */; };
		F57DCCAC6A5E4F8AA54C1210 /* PlayfairDisplay-Regular.ttf in Resources */ = {isa = PBXBuildFile; fileRef = C32FCCB134964F239074528C /* PlayfairDisplay-Regular.ttf */; };
/* End PBXBuildFile section */

/* Begin PBXContainerItemProxy section */
		00C302AB1ABCB8CE00DB3ED1 /* PBXContainerItemProxy */ = {
			isa = PBXContainerItemProxy;
			containerPortal = 00C302A71ABCB8CE00DB3ED1 /* RCTActionSheet.xcodeproj */;
			proxyType = 2;
			remoteGlobalIDString = 134814201AA4EA6300B7C361;
			remoteInfo = RCTActionSheet;
		};
		00C302B91ABCB90400DB3ED1 /* PBXContainerItemProxy */ = {
			isa = PBXContainerItemProxy;
			containerPortal = 00C302B51ABCB90400DB3ED1 /* RCTGeolocation.xcodeproj */;
			proxyType = 2;
			remoteGlobalIDString = 134814201AA4EA6300B7C361;
			remoteInfo = RCTGeolocation;
		};
		00C302BF1ABCB91800DB3ED1 /* PBXContainerItemProxy */ = {
			isa = PBXContainerItemProxy;
			containerPortal = 00C302BB1ABCB91800DB3ED1 /* RCTImage.xcodeproj */;
			proxyType = 2;
			remoteGlobalIDString = 58B5115D1A9E6B3D00147676;
			remoteInfo = RCTImage;
		};
		00C302DB1ABCB9D200DB3ED1 /* PBXContainerItemProxy */ = {
			isa = PBXContainerItemProxy;
			containerPortal = 00C302D31ABCB9D200DB3ED1 /* RCTNetwork.xcodeproj */;
			proxyType = 2;
			remoteGlobalIDString = 58B511DB1A9E6C8500147676;
			remoteInfo = RCTNetwork;
		};
		00C302E31ABCB9EE00DB3ED1 /* PBXContainerItemProxy */ = {
			isa = PBXContainerItemProxy;
			containerPortal = 00C302DF1ABCB9EE00DB3ED1 /* RCTVibration.xcodeproj */;
			proxyType = 2;
			remoteGlobalIDString = 832C81801AAF6DEF007FA2F7;
			remoteInfo = RCTVibration;
		};
		00E356F41AD99517003FC87E /* PBXContainerItemProxy */ = {
			isa = PBXContainerItemProxy;
			containerPortal = 83CBB9F71A601CBA00E9B192 /* Project object */;
			proxyType = 1;
			remoteGlobalIDString = 13B07F861A680F5B00A75B9A;
			remoteInfo = Pearson360;
		};
		041BB0781F54E98600587A9B /* PBXContainerItemProxy */ = {
			isa = PBXContainerItemProxy;
			containerPortal = 041BB04B1F54E98600587A9B /* RNI18n.xcodeproj */;
			proxyType = 2;
			remoteGlobalIDString = 134814201AA4EA6300B7C361;
			remoteInfo = RNI18n;
		};
		041BB07A1F54E98600587A9B /* PBXContainerItemProxy */ = {
			isa = PBXContainerItemProxy;
			containerPortal = 041BB04B1F54E98600587A9B /* RNI18n.xcodeproj */;
			proxyType = 2;
			remoteGlobalIDString = 6476C4051EEAA69700B10F51;
			remoteInfo = "RNI18n-tvOS";
		};
		0447D73B1F50509600C02857 /* PBXContainerItemProxy */ = {
			isa = PBXContainerItemProxy;
			containerPortal = 146833FF1AC3E56700842450 /* React.xcodeproj */;
			proxyType = 2;
			remoteGlobalIDString = 3D383D3C1EBD27B6005632C8;
			remoteInfo = "third-party-tvOS";
		};
		0447D73D1F50509600C02857 /* PBXContainerItemProxy */ = {
			isa = PBXContainerItemProxy;
			containerPortal = 146833FF1AC3E56700842450 /* React.xcodeproj */;
			proxyType = 2;
			remoteGlobalIDString = 3D383D621EBD27B9005632C8;
			remoteInfo = "double-conversion-tvOS";
		};
		04DB661D1F94A7B600F28DBA /* PBXContainerItemProxy */ = {
			isa = PBXContainerItemProxy;
			containerPortal = 146833FF1AC3E56700842450 /* React.xcodeproj */;
			proxyType = 2;
			remoteGlobalIDString = 139D7ECE1E25DB7D00323FB7;
			remoteInfo = "third-party";
		};
		04DB661F1F94A7B600F28DBA /* PBXContainerItemProxy */ = {
			isa = PBXContainerItemProxy;
			containerPortal = 146833FF1AC3E56700842450 /* React.xcodeproj */;
			proxyType = 2;
			remoteGlobalIDString = 139D7E881E25C6D100323FB7;
			remoteInfo = "double-conversion";
		};
		04DB66291F94A7B600F28DBA /* PBXContainerItemProxy */ = {
			isa = PBXContainerItemProxy;
			containerPortal = 5AA101F28BAA44B1AE9EB7ED /* RNSVG.xcodeproj */;
			proxyType = 2;
			remoteGlobalIDString = 04DB65F81F94A6BF00F28DBA;
			remoteInfo = "RNSVG-tvOS";
		};
		139105C01AF99BAD00B5F7CC /* PBXContainerItemProxy */ = {
			isa = PBXContainerItemProxy;
			containerPortal = 139105B61AF99BAD00B5F7CC /* RCTSettings.xcodeproj */;
			proxyType = 2;
			remoteGlobalIDString = 134814201AA4EA6300B7C361;
			remoteInfo = RCTSettings;
		};
		139FDEF31B06529B00C62182 /* PBXContainerItemProxy */ = {
			isa = PBXContainerItemProxy;
			containerPortal = 139FDEE61B06529A00C62182 /* RCTWebSocket.xcodeproj */;
			proxyType = 2;
			remoteGlobalIDString = 3C86DF461ADF2C930047B81A;
			remoteInfo = RCTWebSocket;
		};
		146834031AC3E56700842450 /* PBXContainerItemProxy */ = {
			isa = PBXContainerItemProxy;
			containerPortal = 146833FF1AC3E56700842450 /* React.xcodeproj */;
			proxyType = 2;
			remoteGlobalIDString = 83CBBA2E1A601D0E00E9B192;
			remoteInfo = React;
		};
		5E9157321DD0AC6500FF2AA8 /* PBXContainerItemProxy */ = {
			isa = PBXContainerItemProxy;
			containerPortal = 5E91572D1DD0AC6500FF2AA8 /* RCTAnimation.xcodeproj */;
			proxyType = 2;
			remoteGlobalIDString = 134814201AA4EA6300B7C361;
			remoteInfo = RCTAnimation;
		};
		5E9157341DD0AC6500FF2AA8 /* PBXContainerItemProxy */ = {
			isa = PBXContainerItemProxy;
			containerPortal = 5E91572D1DD0AC6500FF2AA8 /* RCTAnimation.xcodeproj */;
			proxyType = 2;
			remoteGlobalIDString = 2D2A28201D9B03D100D4039D;
			remoteInfo = "RCTAnimation-tvOS";
		};
		60511D231E43546300F834EC /* PBXContainerItemProxy */ = {
			isa = PBXContainerItemProxy;
			containerPortal = 23788B2B463A4621B125C0BD /* ReactNativePermissions.xcodeproj */;
			proxyType = 2;
			remoteGlobalIDString = 9D23B34F1C767B80008B4819;
			remoteInfo = ReactNativePermissions;
		};
		606D50681EF29FA3002E65E1 /* PBXContainerItemProxy */ = {
			isa = PBXContainerItemProxy;
			containerPortal = 5DCBE9A698E54C2C8F7EA9B8 /* RCTYouTube.xcodeproj */;
			proxyType = 2;
			remoteGlobalIDString = 8BDB9BC91B4289AE00EF9FEF;
			remoteInfo = RCTYouTube;
		};
		60AA4A631E38AA55007BA7E3 /* PBXContainerItemProxy */ = {
			isa = PBXContainerItemProxy;
			containerPortal = 60AA4A5F1E38AA54007BA7E3 /* RCTCameraRoll.xcodeproj */;
			proxyType = 2;
			remoteGlobalIDString = 58B5115D1A9E6B3D00147676;
			remoteInfo = RCTCameraRoll;
		};
		78C398B81ACF4ADC00677621 /* PBXContainerItemProxy */ = {
			isa = PBXContainerItemProxy;
			containerPortal = 78C398B01ACF4ADC00677621 /* RCTLinking.xcodeproj */;
			proxyType = 2;
			remoteGlobalIDString = 134814201AA4EA6300B7C361;
			remoteInfo = RCTLinking;
		};
		8169DDFE1EBC9A0D006DB9EE /* PBXContainerItemProxy */ = {
			isa = PBXContainerItemProxy;
			containerPortal = F3117CF555844CE6A0A790D5 /* RNIntercom.xcodeproj */;
			proxyType = 2;
			remoteGlobalIDString = 112EE36D1CC0AB8A00BF6BB8;
			remoteInfo = RNIntercom;
		};
		8196E8F21E0821DE0040D22F /* PBXContainerItemProxy */ = {
			isa = PBXContainerItemProxy;
			containerPortal = 00C302BB1ABCB91800DB3ED1 /* RCTImage.xcodeproj */;
			proxyType = 2;
			remoteGlobalIDString = 2D2A283A1D9B042B00D4039D;
			remoteInfo = "RCTImage-tvOS";
		};
		8196E8F61E0821DE0040D22F /* PBXContainerItemProxy */ = {
			isa = PBXContainerItemProxy;
			containerPortal = 78C398B01ACF4ADC00677621 /* RCTLinking.xcodeproj */;
			proxyType = 2;
			remoteGlobalIDString = 2D2A28471D9B043800D4039D;
			remoteInfo = "RCTLinking-tvOS";
		};
		8196E8FA1E0821DE0040D22F /* PBXContainerItemProxy */ = {
			isa = PBXContainerItemProxy;
			containerPortal = 00C302D31ABCB9D200DB3ED1 /* RCTNetwork.xcodeproj */;
			proxyType = 2;
			remoteGlobalIDString = 2D2A28541D9B044C00D4039D;
			remoteInfo = "RCTNetwork-tvOS";
		};
		8196E8FE1E0821DE0040D22F /* PBXContainerItemProxy */ = {
			isa = PBXContainerItemProxy;
			containerPortal = 139105B61AF99BAD00B5F7CC /* RCTSettings.xcodeproj */;
			proxyType = 2;
			remoteGlobalIDString = 2D2A28611D9B046600D4039D;
			remoteInfo = "RCTSettings-tvOS";
		};
		8196E9021E0821DE0040D22F /* PBXContainerItemProxy */ = {
			isa = PBXContainerItemProxy;
			containerPortal = 832341B01AAA6A8300B99B32 /* RCTText.xcodeproj */;
			proxyType = 2;
			remoteGlobalIDString = 2D2A287B1D9B048500D4039D;
			remoteInfo = "RCTText-tvOS";
		};
		8196E9071E0821DE0040D22F /* PBXContainerItemProxy */ = {
			isa = PBXContainerItemProxy;
			containerPortal = 139FDEE61B06529A00C62182 /* RCTWebSocket.xcodeproj */;
			proxyType = 2;
			remoteGlobalIDString = 2D2A28881D9B049200D4039D;
			remoteInfo = "RCTWebSocket-tvOS";
		};
		8196E90B1E0821DE0040D22F /* PBXContainerItemProxy */ = {
			isa = PBXContainerItemProxy;
			containerPortal = 146833FF1AC3E56700842450 /* React.xcodeproj */;
			proxyType = 2;
			remoteGlobalIDString = 2D2A28131D9B038B00D4039D;
			remoteInfo = "React-tvOS";
		};
		8196E9111E0821DE0040D22F /* PBXContainerItemProxy */ = {
			isa = PBXContainerItemProxy;
			containerPortal = 5AA101F28BAA44B1AE9EB7ED /* RNSVG.xcodeproj */;
			proxyType = 2;
			remoteGlobalIDString = 0CF68AC11AF0540F00FF9E5C;
			remoteInfo = RNSVG;
		};
		8196E9141E0821DE0040D22F /* PBXContainerItemProxy */ = {
			isa = PBXContainerItemProxy;
			containerPortal = 45630A1F4BDE4974A3D76768 /* RNVectorIcons.xcodeproj */;
			proxyType = 2;
			remoteGlobalIDString = 5DBEB1501B18CEA900B34395;
			remoteInfo = RNVectorIcons;
		};
		81A26B0B1E40C80E003B1A67 /* PBXContainerItemProxy */ = {
			isa = PBXContainerItemProxy;
			containerPortal = 9D396E5F51CA49A399C58C74 /* RNImagePicker.xcodeproj */;
			proxyType = 2;
			remoteGlobalIDString = 014A3B5C1C6CF33500B6D375;
			remoteInfo = RNImagePicker;
		};
		81BCC8CE1E420ACF00AA9207 /* PBXContainerItemProxy */ = {
			isa = PBXContainerItemProxy;
			containerPortal = 1756E698794B452A85631EF1 /* RCTVideo.xcodeproj */;
			proxyType = 2;
			remoteGlobalIDString = 134814201AA4EA6300B7C361;
			remoteInfo = RCTVideo;
		};
		81BCC8DA1E420ACF00AA9207 /* PBXContainerItemProxy */ = {
			isa = PBXContainerItemProxy;
			containerPortal = 146833FF1AC3E56700842450 /* React.xcodeproj */;
			proxyType = 2;
			remoteGlobalIDString = 3D3C059A1DE3340900C268FA;
			remoteInfo = yoga;
		};
		81BCC8DC1E420ACF00AA9207 /* PBXContainerItemProxy */ = {
			isa = PBXContainerItemProxy;
			containerPortal = 146833FF1AC3E56700842450 /* React.xcodeproj */;
			proxyType = 2;
			remoteGlobalIDString = 3D3C06751DE3340C00C268FA;
			remoteInfo = "yoga-tvOS";
		};
		81BCC8DE1E420ACF00AA9207 /* PBXContainerItemProxy */ = {
			isa = PBXContainerItemProxy;
			containerPortal = 146833FF1AC3E56700842450 /* React.xcodeproj */;
			proxyType = 2;
			remoteGlobalIDString = 3D3CD9251DE5FBEC00167DC4;
			remoteInfo = cxxreact;
		};
		81BCC8E01E420ACF00AA9207 /* PBXContainerItemProxy */ = {
			isa = PBXContainerItemProxy;
			containerPortal = 146833FF1AC3E56700842450 /* React.xcodeproj */;
			proxyType = 2;
			remoteGlobalIDString = 3D3CD9321DE5FBEE00167DC4;
			remoteInfo = "cxxreact-tvOS";
		};
		81BCC8E21E420ACF00AA9207 /* PBXContainerItemProxy */ = {
			isa = PBXContainerItemProxy;
			containerPortal = 146833FF1AC3E56700842450 /* React.xcodeproj */;
			proxyType = 2;
			remoteGlobalIDString = 3D3CD90B1DE5FBD600167DC4;
			remoteInfo = jschelpers;
		};
		81BCC8E41E420ACF00AA9207 /* PBXContainerItemProxy */ = {
			isa = PBXContainerItemProxy;
			containerPortal = 146833FF1AC3E56700842450 /* React.xcodeproj */;
			proxyType = 2;
			remoteGlobalIDString = 3D3CD9181DE5FBD800167DC4;
			remoteInfo = "jschelpers-tvOS";
		};
		832341B41AAA6A8300B99B32 /* PBXContainerItemProxy */ = {
			isa = PBXContainerItemProxy;
			containerPortal = 832341B01AAA6A8300B99B32 /* RCTText.xcodeproj */;
			proxyType = 2;
			remoteGlobalIDString = 58B5119B1A9E6C1200147676;
			remoteInfo = RCTText;
		};
		8324FEC61ED599FD001DFB22 /* PBXContainerItemProxy */ = {
			isa = PBXContainerItemProxy;
			containerPortal = 95402762698F439C94813606 /* BVLinearGradient.xcodeproj */;
			proxyType = 2;
			remoteGlobalIDString = 134814201AA4EA6300B7C361;
			remoteInfo = BVLinearGradient;
		};
		835C5DD01E76EF7A00DC6896 /* PBXContainerItemProxy */ = {
			isa = PBXContainerItemProxy;
			containerPortal = 3DBCE89C80A844C2959488BB /* RCTFBSDK.xcodeproj */;
			proxyType = 2;
			remoteGlobalIDString = 9350E0F11CE3B0920041D815;
			remoteInfo = RCTFBSDK;
		};
		836AA5F21EC628C0000978A4 /* PBXContainerItemProxy */ = {
			isa = PBXContainerItemProxy;
			containerPortal = AC0A956068DB467D848EB9FA /* ReactNativeConfig.xcodeproj */;
			proxyType = 2;
			remoteGlobalIDString = EB2648DF1C7BE17A00B8F155;
			remoteInfo = ReactNativeConfig;
		};
		837CB05D1EAF6F3E00208362 /* PBXContainerItemProxy */ = {
			isa = PBXContainerItemProxy;
			containerPortal = DA90E9E3FCAC420CB8EC05F3 /* RNFetchBlob.xcodeproj */;
			proxyType = 2;
			remoteGlobalIDString = A15C300E1CD25C330074CB35;
			remoteInfo = RNFetchBlob;
		};
		83992F591EC5BD17008E4D8C /* PBXContainerItemProxy */ = {
			isa = PBXContainerItemProxy;
			containerPortal = ACDB029EFF8645098685166F /* SMXCrashlytics.xcodeproj */;
			proxyType = 2;
			remoteGlobalIDString = D8D9DB831C6D03DB009FBC0E;
			remoteInfo = SMXCrashlytics;
		};
		83A207941E9E60B900DE5E89 /* PBXContainerItemProxy */ = {
			isa = PBXContainerItemProxy;
			containerPortal = 8AFD9FAF8C6641ED998B0116 /* RNDeviceInfo.xcodeproj */;
			proxyType = 2;
			remoteGlobalIDString = DA5891D81BA9A9FC002B4DB2;
			remoteInfo = RNDeviceInfo;
		};
		83F9EA391EC0B996008419C3 /* PBXContainerItemProxy */ = {
			isa = PBXContainerItemProxy;
			containerPortal = 1E190137E95A4C228339A8A1 /* AutoGrowTextInput.xcodeproj */;
			proxyType = 2;
			remoteGlobalIDString = D81C36501CDB667F00777FB9;
			remoteInfo = AutoGrowTextInput;
		};
		D5BE11B31F94E416000AF3BC /* PBXContainerItemProxy */ = {
			isa = PBXContainerItemProxy;
			containerPortal = 95402762698F439C94813606 /* BVLinearGradient.xcodeproj */;
			proxyType = 2;
			remoteGlobalIDString = 64AA15081EF7F30100718508;
			remoteInfo = "BVLinearGradient-tvOS";
		};
/* End PBXContainerItemProxy section */

/* Begin PBXCopyFilesBuildPhase section */
		8169DE081EBC9D57006DB9EE /* Embed Frameworks */ = {
			isa = PBXCopyFilesBuildPhase;
			buildActionMask = 2147483647;
			dstPath = "";
			dstSubfolderSpec = 10;
			files = (
				8169DE071EBC9D57006DB9EE /* Intercom.framework in Embed Frameworks */,
			);
			name = "Embed Frameworks";
			runOnlyForDeploymentPostprocessing = 0;
		};
/* End PBXCopyFilesBuildPhase section */

/* Begin PBXFileReference section */
		008F07F21AC5B25A0029DE68 /* main.jsbundle */ = {isa = PBXFileReference; fileEncoding = 4; lastKnownFileType = text; path = main.jsbundle; sourceTree = "<group>"; };
		00C302A71ABCB8CE00DB3ED1 /* RCTActionSheet.xcodeproj */ = {isa = PBXFileReference; lastKnownFileType = "wrapper.pb-project"; name = RCTActionSheet.xcodeproj; path = "../node_modules/react-native/Libraries/ActionSheetIOS/RCTActionSheet.xcodeproj"; sourceTree = "<group>"; };
		00C302B51ABCB90400DB3ED1 /* RCTGeolocation.xcodeproj */ = {isa = PBXFileReference; lastKnownFileType = "wrapper.pb-project"; name = RCTGeolocation.xcodeproj; path = "../node_modules/react-native/Libraries/Geolocation/RCTGeolocation.xcodeproj"; sourceTree = "<group>"; };
		00C302BB1ABCB91800DB3ED1 /* RCTImage.xcodeproj */ = {isa = PBXFileReference; lastKnownFileType = "wrapper.pb-project"; name = RCTImage.xcodeproj; path = "../node_modules/react-native/Libraries/Image/RCTImage.xcodeproj"; sourceTree = "<group>"; };
		00C302D31ABCB9D200DB3ED1 /* RCTNetwork.xcodeproj */ = {isa = PBXFileReference; lastKnownFileType = "wrapper.pb-project"; name = RCTNetwork.xcodeproj; path = "../node_modules/react-native/Libraries/Network/RCTNetwork.xcodeproj"; sourceTree = "<group>"; };
		00C302DF1ABCB9EE00DB3ED1 /* RCTVibration.xcodeproj */ = {isa = PBXFileReference; lastKnownFileType = "wrapper.pb-project"; name = RCTVibration.xcodeproj; path = "../node_modules/react-native/Libraries/Vibration/RCTVibration.xcodeproj"; sourceTree = "<group>"; };
		00E356EE1AD99517003FC87E /* Pearson360Tests.xctest */ = {isa = PBXFileReference; explicitFileType = wrapper.cfbundle; includeInIndex = 0; path = Pearson360Tests.xctest; sourceTree = BUILT_PRODUCTS_DIR; };
		00E356F11AD99517003FC87E /* Info.plist */ = {isa = PBXFileReference; lastKnownFileType = text.plist.xml; path = Info.plist; sourceTree = "<group>"; };
		00E356F21AD99517003FC87E /* Pearson360Tests.m */ = {isa = PBXFileReference; lastKnownFileType = sourcecode.c.objc; path = Pearson360Tests.m; sourceTree = "<group>"; };
		041BB04B1F54E98600587A9B /* RNI18n.xcodeproj */ = {isa = PBXFileReference; lastKnownFileType = "wrapper.pb-project"; name = RNI18n.xcodeproj; path = "../node_modules/react-native-i18n/ios/RNI18n.xcodeproj"; sourceTree = "<group>"; };
		04D7B7D06917434B9F4343EB /* FontAwesome.ttf */ = {isa = PBXFileReference; explicitFileType = undefined; fileEncoding = 9; includeInIndex = 0; lastKnownFileType = unknown; name = FontAwesome.ttf; path = "../node_modules/react-native-vector-icons/Fonts/FontAwesome.ttf"; sourceTree = "<group>"; };
		063AC9F44F974AA29920D13E /* Zocial.ttf */ = {isa = PBXFileReference; explicitFileType = undefined; fileEncoding = 9; includeInIndex = 0; lastKnownFileType = unknown; name = Zocial.ttf; path = "../node_modules/react-native-vector-icons/Fonts/Zocial.ttf"; sourceTree = "<group>"; };
		064375821CD94DA580BC6B39 /* OpenSans-Semibold.ttf */ = {isa = PBXFileReference; explicitFileType = undefined; fileEncoding = 9; includeInIndex = 0; lastKnownFileType = unknown; name = "OpenSans-Semibold.ttf"; path = "../app/assets/fonts/OpenSans-Semibold.ttf"; sourceTree = "<group>"; };
		07CF02CB490343679C20326F /* libRNDeviceInfo.a */ = {isa = PBXFileReference; explicitFileType = undefined; fileEncoding = 9; includeInIndex = 0; lastKnownFileType = archive.ar; path = libRNDeviceInfo.a; sourceTree = "<group>"; };
		0AD1EC6F87DF458494940FEA /* EvilIcons.ttf */ = {isa = PBXFileReference; explicitFileType = undefined; fileEncoding = 9; includeInIndex = 0; lastKnownFileType = unknown; name = EvilIcons.ttf; path = "../node_modules/react-native-vector-icons/Fonts/EvilIcons.ttf"; sourceTree = "<group>"; };
		139105B61AF99BAD00B5F7CC /* RCTSettings.xcodeproj */ = {isa = PBXFileReference; lastKnownFileType = "wrapper.pb-project"; name = RCTSettings.xcodeproj; path = "../node_modules/react-native/Libraries/Settings/RCTSettings.xcodeproj"; sourceTree = "<group>"; };
		139FDEE61B06529A00C62182 /* RCTWebSocket.xcodeproj */ = {isa = PBXFileReference; lastKnownFileType = "wrapper.pb-project"; name = RCTWebSocket.xcodeproj; path = "../node_modules/react-native/Libraries/WebSocket/RCTWebSocket.xcodeproj"; sourceTree = "<group>"; };
		13B07F961A680F5B00A75B9A /* Pearson360.app */ = {isa = PBXFileReference; explicitFileType = wrapper.application; includeInIndex = 0; path = Pearson360.app; sourceTree = BUILT_PRODUCTS_DIR; };
		13B07FAF1A68108700A75B9A /* AppDelegate.h */ = {isa = PBXFileReference; fileEncoding = 4; lastKnownFileType = sourcecode.c.h; name = AppDelegate.h; path = Pearson360/AppDelegate.h; sourceTree = "<group>"; };
		13B07FB01A68108700A75B9A /* AppDelegate.m */ = {isa = PBXFileReference; fileEncoding = 4; lastKnownFileType = sourcecode.c.objc; name = AppDelegate.m; path = Pearson360/AppDelegate.m; sourceTree = "<group>"; };
		13B07FB51A68108700A75B9A /* Images.xcassets */ = {isa = PBXFileReference; lastKnownFileType = folder.assetcatalog; name = Images.xcassets; path = Pearson360/Images.xcassets; sourceTree = SOURCE_ROOT; };
		13B07FB61A68108700A75B9A /* Info.plist */ = {isa = PBXFileReference; fileEncoding = 4; lastKnownFileType = text.plist.xml; name = Info.plist; path = Pearson360/Info.plist; sourceTree = "<group>"; };
		13B07FB71A68108700A75B9A /* main.m */ = {isa = PBXFileReference; fileEncoding = 4; lastKnownFileType = sourcecode.c.objc; name = main.m; path = Pearson360/main.m; sourceTree = "<group>"; };
		146833FF1AC3E56700842450 /* React.xcodeproj */ = {isa = PBXFileReference; lastKnownFileType = "wrapper.pb-project"; name = React.xcodeproj; path = "../node_modules/react-native/React/React.xcodeproj"; sourceTree = "<group>"; };
		15471EF48660491097F3C6D3 /* OpenSans-Light.ttf */ = {isa = PBXFileReference; explicitFileType = undefined; fileEncoding = 9; includeInIndex = 0; lastKnownFileType = unknown; name = "OpenSans-Light.ttf"; path = "../app/assets/fonts/OpenSans-Light.ttf"; sourceTree = "<group>"; };
		1756E698794B452A85631EF1 /* RCTVideo.xcodeproj */ = {isa = PBXFileReference; explicitFileType = undefined; fileEncoding = 9; includeInIndex = 0; lastKnownFileType = "wrapper.pb-project"; name = RCTVideo.xcodeproj; path = "../node_modules/react-native-video/ios/RCTVideo.xcodeproj"; sourceTree = "<group>"; };
		1D52AA769EB94A56B461DCDA /* libSMXCrashlytics.a */ = {isa = PBXFileReference; explicitFileType = undefined; fileEncoding = 9; includeInIndex = 0; lastKnownFileType = archive.ar; path = libSMXCrashlytics.a; sourceTree = "<group>"; };
		1E190137E95A4C228339A8A1 /* AutoGrowTextInput.xcodeproj */ = {isa = PBXFileReference; explicitFileType = undefined; fileEncoding = 9; includeInIndex = 0; lastKnownFileType = "wrapper.pb-project"; name = AutoGrowTextInput.xcodeproj; path = "../node_modules/react-native-autogrow-textinput/ios/AutoGrowTextInput.xcodeproj"; sourceTree = "<group>"; };
		1E3B707E866B4CD3BA900CE9 /* Foundation.ttf */ = {isa = PBXFileReference; explicitFileType = undefined; fileEncoding = 9; includeInIndex = 0; lastKnownFileType = unknown; name = Foundation.ttf; path = "../node_modules/react-native-vector-icons/Fonts/Foundation.ttf"; sourceTree = "<group>"; };
		228E150689DB45E7849C9E1D /* OpenSans-Regular.ttf */ = {isa = PBXFileReference; explicitFileType = undefined; fileEncoding = 9; includeInIndex = 0; lastKnownFileType = unknown; name = "OpenSans-Regular.ttf"; path = "../app/assets/fonts/OpenSans-Regular.ttf"; sourceTree = "<group>"; };
		23788B2B463A4621B125C0BD /* ReactNativePermissions.xcodeproj */ = {isa = PBXFileReference; explicitFileType = undefined; fileEncoding = 9; includeInIndex = 0; lastKnownFileType = "wrapper.pb-project"; name = ReactNativePermissions.xcodeproj; path = "../node_modules/react-native-permissions/ReactNativePermissions.xcodeproj"; sourceTree = "<group>"; };
		24AB0A5EC832459593D702AC /* Entypo.ttf */ = {isa = PBXFileReference; explicitFileType = undefined; fileEncoding = 9; includeInIndex = 0; lastKnownFileType = unknown; name = Entypo.ttf; path = "../node_modules/react-native-vector-icons/Fonts/Entypo.ttf"; sourceTree = "<group>"; };
		25BEF79875C94B01B02E1C4C /* OpenSans-LightItalic.ttf */ = {isa = PBXFileReference; explicitFileType = undefined; fileEncoding = 9; includeInIndex = 0; lastKnownFileType = unknown; name = "OpenSans-LightItalic.ttf"; path = "../app/assets/fonts/OpenSans-LightItalic.ttf"; sourceTree = "<group>"; };
		2D5AE329D3234D49B791F3CB /* OpenSans-Bold.ttf */ = {isa = PBXFileReference; explicitFileType = undefined; fileEncoding = 9; includeInIndex = 0; lastKnownFileType = unknown; name = "OpenSans-Bold.ttf"; path = "../app/assets/fonts/OpenSans-Bold.ttf"; sourceTree = "<group>"; };
		30A3D9FBE6A8469493CB0764 /* PlayfairDisplay-Bold.ttf */ = {isa = PBXFileReference; explicitFileType = undefined; fileEncoding = 9; includeInIndex = 0; lastKnownFileType = unknown; name = "PlayfairDisplay-Bold.ttf"; path = "../app/assets/fonts/PlayfairDisplay-Bold.ttf"; sourceTree = "<group>"; };
		3DBCE89C80A844C2959488BB /* RCTFBSDK.xcodeproj */ = {isa = PBXFileReference; explicitFileType = undefined; fileEncoding = 9; includeInIndex = 0; lastKnownFileType = "wrapper.pb-project"; name = RCTFBSDK.xcodeproj; path = "../node_modules/react-native-fbsdk/ios/RCTFBSDK.xcodeproj"; sourceTree = "<group>"; };
		45630A1F4BDE4974A3D76768 /* RNVectorIcons.xcodeproj */ = {isa = PBXFileReference; explicitFileType = undefined; fileEncoding = 9; includeInIndex = 0; lastKnownFileType = "wrapper.pb-project"; name = RNVectorIcons.xcodeproj; path = "../node_modules/react-native-vector-icons/RNVectorIcons.xcodeproj"; sourceTree = "<group>"; };
		4A0AD0DC8C724F2993C80F88 /* libRNSVG.a */ = {isa = PBXFileReference; explicitFileType = undefined; fileEncoding = 9; includeInIndex = 0; lastKnownFileType = archive.ar; path = libRNSVG.a; sourceTree = "<group>"; };
		4B128760C8824EF9B49D74FB /* Ionicons.ttf */ = {isa = PBXFileReference; explicitFileType = undefined; fileEncoding = 9; includeInIndex = 0; lastKnownFileType = unknown; name = Ionicons.ttf; path = "../node_modules/react-native-vector-icons/Fonts/Ionicons.ttf"; sourceTree = "<group>"; };
		58D53F1B1A7F4118BC2874CF /* SimpleLineIcons.ttf */ = {isa = PBXFileReference; explicitFileType = undefined; fileEncoding = 9; includeInIndex = 0; lastKnownFileType = unknown; name = SimpleLineIcons.ttf; path = "../node_modules/react-native-vector-icons/Fonts/SimpleLineIcons.ttf"; sourceTree = "<group>"; };
		5AA101F28BAA44B1AE9EB7ED /* RNSVG.xcodeproj */ = {isa = PBXFileReference; explicitFileType = undefined; fileEncoding = 9; includeInIndex = 0; lastKnownFileType = "wrapper.pb-project"; name = RNSVG.xcodeproj; path = "../node_modules/react-native-svg/ios/RNSVG.xcodeproj"; sourceTree = "<group>"; };
		5D6D6659730942CF8A88CA20 /* libRCTYouTube.a */ = {isa = PBXFileReference; explicitFileType = undefined; fileEncoding = 9; includeInIndex = 0; lastKnownFileType = archive.ar; path = libRCTYouTube.a; sourceTree = "<group>"; };
		5DCBE9A698E54C2C8F7EA9B8 /* RCTYouTube.xcodeproj */ = {isa = PBXFileReference; explicitFileType = undefined; fileEncoding = 9; includeInIndex = 0; lastKnownFileType = "wrapper.pb-project"; name = RCTYouTube.xcodeproj; path = "../node_modules/react-native-youtube/RCTYouTube.xcodeproj"; sourceTree = "<group>"; };
		5E91572D1DD0AC6500FF2AA8 /* RCTAnimation.xcodeproj */ = {isa = PBXFileReference; lastKnownFileType = "wrapper.pb-project"; name = RCTAnimation.xcodeproj; path = "../node_modules/react-native/Libraries/NativeAnimation/RCTAnimation.xcodeproj"; sourceTree = "<group>"; };
		606D50801EF2A2BF002E65E1 /* icomoon.ttf */ = {isa = PBXFileReference; lastKnownFileType = file; path = icomoon.ttf; sourceTree = "<group>"; };
		60AA4A5F1E38AA54007BA7E3 /* RCTCameraRoll.xcodeproj */ = {isa = PBXFileReference; lastKnownFileType = "wrapper.pb-project"; name = RCTCameraRoll.xcodeproj; path = "../node_modules/react-native/Libraries/CameraRoll/RCTCameraRoll.xcodeproj"; sourceTree = "<group>"; };
		6C10EE56518C4A9A9A15CB56 /* libRNIntercom.a */ = {isa = PBXFileReference; explicitFileType = undefined; fileEncoding = 9; includeInIndex = 0; lastKnownFileType = archive.ar; path = libRNIntercom.a; sourceTree = "<group>"; };
		72B67DAFDF3E4C6886A9D4AF /* libRCTFBSDK.a */ = {isa = PBXFileReference; explicitFileType = undefined; fileEncoding = 9; includeInIndex = 0; lastKnownFileType = archive.ar; path = libRCTFBSDK.a; sourceTree = "<group>"; };
		78C398B01ACF4ADC00677621 /* RCTLinking.xcodeproj */ = {isa = PBXFileReference; lastKnownFileType = "wrapper.pb-project"; name = RCTLinking.xcodeproj; path = "../node_modules/react-native/Libraries/LinkingIOS/RCTLinking.xcodeproj"; sourceTree = "<group>"; };
		7F9A0772F2944DABABB45420 /* Octicons.ttf */ = {isa = PBXFileReference; explicitFileType = undefined; fileEncoding = 9; includeInIndex = 0; lastKnownFileType = unknown; name = Octicons.ttf; path = "../node_modules/react-native-vector-icons/Fonts/Octicons.ttf"; sourceTree = "<group>"; };
		8169DE051EBC9D57006DB9EE /* Intercom.framework */ = {isa = PBXFileReference; lastKnownFileType = wrapper.framework; path = Intercom.framework; sourceTree = "<group>"; };
		8258E4DF0CD54896AD5B7FBF /* OpenSans-Italic.ttf */ = {isa = PBXFileReference; explicitFileType = undefined; fileEncoding = 9; includeInIndex = 0; lastKnownFileType = unknown; name = "OpenSans-Italic.ttf"; path = "../app/assets/fonts/OpenSans-Italic.ttf"; sourceTree = "<group>"; };
		832341B01AAA6A8300B99B32 /* RCTText.xcodeproj */ = {isa = PBXFileReference; lastKnownFileType = "wrapper.pb-project"; name = RCTText.xcodeproj; path = "../node_modules/react-native/Libraries/Text/RCTText.xcodeproj"; sourceTree = "<group>"; };
		8347D38049BA4BA79FB50026 /* libReactNativeConfig.a */ = {isa = PBXFileReference; explicitFileType = undefined; fileEncoding = 9; includeInIndex = 0; lastKnownFileType = archive.ar; path = libReactNativeConfig.a; sourceTree = "<group>"; };
		83992F141EC5B522008E4D8C /* Fabric.framework */ = {isa = PBXFileReference; lastKnownFileType = wrapper.framework; path = Fabric.framework; sourceTree = "<group>"; };
		83992F151EC5B522008E4D8C /* Crashlytics.framework */ = {isa = PBXFileReference; lastKnownFileType = wrapper.framework; path = Crashlytics.framework; sourceTree = "<group>"; };
		83D78C841EE6DFD70021AC37 /* YTPlayerView-iframe-player.html */ = {isa = PBXFileReference; fileEncoding = 4; lastKnownFileType = text.html; name = "YTPlayerView-iframe-player.html"; path = "../node_modules/react-native-youtube/assets/YTPlayerView-iframe-player.html"; sourceTree = "<group>"; };
		8AFD9FAF8C6641ED998B0116 /* RNDeviceInfo.xcodeproj */ = {isa = PBXFileReference; explicitFileType = undefined; fileEncoding = 9; includeInIndex = 0; lastKnownFileType = "wrapper.pb-project"; name = RNDeviceInfo.xcodeproj; path = "../node_modules/react-native-device-info/RNDeviceInfo.xcodeproj"; sourceTree = "<group>"; };
		90D8F7C01F594F2DBF276707 /* OpenSans-SemiboldItalic.ttf */ = {isa = PBXFileReference; explicitFileType = undefined; fileEncoding = 9; includeInIndex = 0; lastKnownFileType = unknown; name = "OpenSans-SemiboldItalic.ttf"; path = "../app/assets/fonts/OpenSans-SemiboldItalic.ttf"; sourceTree = "<group>"; };
		95402762698F439C94813606 /* BVLinearGradient.xcodeproj */ = {isa = PBXFileReference; explicitFileType = undefined; fileEncoding = 9; includeInIndex = 0; lastKnownFileType = "wrapper.pb-project"; name = BVLinearGradient.xcodeproj; path = "../node_modules/react-native-linear-gradient/BVLinearGradient.xcodeproj"; sourceTree = "<group>"; };
		974E1266D1EA43C9A9150961 /* MaterialCommunityIcons.ttf */ = {isa = PBXFileReference; explicitFileType = undefined; fileEncoding = 9; includeInIndex = 0; lastKnownFileType = unknown; name = MaterialCommunityIcons.ttf; path = "../node_modules/react-native-vector-icons/Fonts/MaterialCommunityIcons.ttf"; sourceTree = "<group>"; };
		9D396E5F51CA49A399C58C74 /* RNImagePicker.xcodeproj */ = {isa = PBXFileReference; explicitFileType = undefined; fileEncoding = 9; includeInIndex = 0; lastKnownFileType = "wrapper.pb-project"; name = RNImagePicker.xcodeproj; path = "../node_modules/react-native-image-picker/ios/RNImagePicker.xcodeproj"; sourceTree = "<group>"; };
		A9DA1581D35F45909ED6E036 /* libRNVectorIcons.a */ = {isa = PBXFileReference; explicitFileType = undefined; fileEncoding = 9; includeInIndex = 0; lastKnownFileType = archive.ar; path = libRNVectorIcons.a; sourceTree = "<group>"; };
		AA9DAD5E6A9547279FEB8D9A /* OpenSans-BoldItalic.ttf */ = {isa = PBXFileReference; explicitFileType = undefined; fileEncoding = 9; includeInIndex = 0; lastKnownFileType = unknown; name = "OpenSans-BoldItalic.ttf"; path = "../app/assets/fonts/OpenSans-BoldItalic.ttf"; sourceTree = "<group>"; };
		AB17C7F8B7994E22A4421CFF /* libRNFetchBlob.a */ = {isa = PBXFileReference; explicitFileType = undefined; fileEncoding = 9; includeInIndex = 0; lastKnownFileType = archive.ar; path = libRNFetchBlob.a; sourceTree = "<group>"; };
		AC0A956068DB467D848EB9FA /* ReactNativeConfig.xcodeproj */ = {isa = PBXFileReference; explicitFileType = undefined; fileEncoding = 9; includeInIndex = 0; lastKnownFileType = "wrapper.pb-project"; name = ReactNativeConfig.xcodeproj; path = "../node_modules/react-native-config/ios/ReactNativeConfig.xcodeproj"; sourceTree = "<group>"; };
		ACDB029EFF8645098685166F /* SMXCrashlytics.xcodeproj */ = {isa = PBXFileReference; explicitFileType = undefined; fileEncoding = 9; includeInIndex = 0; lastKnownFileType = "wrapper.pb-project"; name = SMXCrashlytics.xcodeproj; path = "../node_modules/react-native-fabric/ios/SMXCrashlytics.xcodeproj"; sourceTree = "<group>"; };
		B9C0E7C55DD448349731188F /* libRCTVideo.a */ = {isa = PBXFileReference; explicitFileType = undefined; fileEncoding = 9; includeInIndex = 0; lastKnownFileType = archive.ar; path = libRCTVideo.a; sourceTree = "<group>"; };
		BB2FBF6B60704D4191053DAB /* libReactNativePermissions.a */ = {isa = PBXFileReference; explicitFileType = undefined; fileEncoding = 9; includeInIndex = 0; lastKnownFileType = archive.ar; path = libReactNativePermissions.a; sourceTree = "<group>"; };
		C32FCCB134964F239074528C /* PlayfairDisplay-Regular.ttf */ = {isa = PBXFileReference; explicitFileType = undefined; fileEncoding = 9; includeInIndex = 0; lastKnownFileType = unknown; name = "PlayfairDisplay-Regular.ttf"; path = "../app/assets/fonts/PlayfairDisplay-Regular.ttf"; sourceTree = "<group>"; };
		CD5AFA12D7C94EDEA609B70D /* libRNImagePicker.a */ = {isa = PBXFileReference; explicitFileType = undefined; fileEncoding = 9; includeInIndex = 0; lastKnownFileType = archive.ar; path = libRNImagePicker.a; sourceTree = "<group>"; };
		D79C67AA2068954200783615 /* Bolts.framework */ = {isa = PBXFileReference; lastKnownFileType = wrapper.framework; name = Bolts.framework; path = ../../../../../Users/dev/Documents/FacebookSDK/Bolts.framework; sourceTree = "<group>"; };
		D79C67DA2068955B00783615 /* FBSDKCoreKit.framework */ = {isa = PBXFileReference; lastKnownFileType = wrapper.framework; name = FBSDKCoreKit.framework; path = ../../../../../Users/dev/Documents/FacebookSDK/FBSDKCoreKit.framework; sourceTree = "<group>"; };
		D79C67DC2068956C00783615 /* FBSDKLoginKit.framework */ = {isa = PBXFileReference; lastKnownFileType = wrapper.framework; name = FBSDKLoginKit.framework; path = ../../../../../Users/dev/Documents/FacebookSDK/FBSDKLoginKit.framework; sourceTree = "<group>"; };
		D79C67DE2068957A00783615 /* FBSDKShareKit.framework */ = {isa = PBXFileReference; lastKnownFileType = wrapper.framework; name = FBSDKShareKit.framework; path = ../../../../../Users/dev/Documents/FacebookSDK/FBSDKShareKit.framework; sourceTree = "<group>"; };
		DA90E9E3FCAC420CB8EC05F3 /* RNFetchBlob.xcodeproj */ = {isa = PBXFileReference; explicitFileType = undefined; fileEncoding = 9; includeInIndex = 0; lastKnownFileType = "wrapper.pb-project"; name = RNFetchBlob.xcodeproj; path = "../node_modules/react-native-fetch-blob/ios/RNFetchBlob.xcodeproj"; sourceTree = "<group>"; };
		DCD0CD24ED21447F9A5F67E9 /* libBVLinearGradient.a */ = {isa = PBXFileReference; explicitFileType = undefined; fileEncoding = 9; includeInIndex = 0; lastKnownFileType = archive.ar; path = libBVLinearGradient.a; sourceTree = "<group>"; };
		DFEFF5315FEE4422ABD68274 /* MaterialIcons.ttf */ = {isa = PBXFileReference; explicitFileType = undefined; fileEncoding = 9; includeInIndex = 0; lastKnownFileType = unknown; name = MaterialIcons.ttf; path = "../node_modules/react-native-vector-icons/Fonts/MaterialIcons.ttf"; sourceTree = "<group>"; };
		F29C4AE7885F4F8B88A2E82D /* libAutoGrowTextInput.a */ = {isa = PBXFileReference; explicitFileType = undefined; fileEncoding = 9; includeInIndex = 0; lastKnownFileType = archive.ar; path = libAutoGrowTextInput.a; sourceTree = "<group>"; };
		F3117CF555844CE6A0A790D5 /* RNIntercom.xcodeproj */ = {isa = PBXFileReference; explicitFileType = undefined; fileEncoding = 9; includeInIndex = 0; lastKnownFileType = "wrapper.pb-project"; name = RNIntercom.xcodeproj; path = "../node_modules/react-native-intercom/iOS/RNIntercom.xcodeproj"; sourceTree = "<group>"; };
/* End PBXFileReference section */

/* Begin PBXFrameworksBuildPhase section */
		00E356EB1AD99517003FC87E /* Frameworks */ = {
			isa = PBXFrameworksBuildPhase;
			buildActionMask = 2147483647;
			files = (
				140ED2AC1D01E1AD002B40FF /* libReact.a in Frameworks */,
			);
			runOnlyForDeploymentPostprocessing = 0;
		};
		13B07F8C1A680F5B00A75B9A /* Frameworks */ = {
			isa = PBXFrameworksBuildPhase;
			buildActionMask = 2147483647;
			files = (
				D79C67DD2068956C00783615 /* FBSDKLoginKit.framework in Frameworks */,
				60AA4A651E38AA6C007BA7E3 /* libRCTCameraRoll.a in Frameworks */,
				D79C67DF2068957A00783615 /* FBSDKShareKit.framework in Frameworks */,
				5E9157361DD0AC6A00FF2AA8 /* libRCTAnimation.a in Frameworks */,
				146834051AC3E58100842450 /* libReact.a in Frameworks */,
				00C302E51ABCBA2D00DB3ED1 /* libRCTActionSheet.a in Frameworks */,
				00C302E71ABCBA2D00DB3ED1 /* libRCTGeolocation.a in Frameworks */,
				00C302E81ABCBA2D00DB3ED1 /* libRCTImage.a in Frameworks */,
				133E29F31AD74F7200F7D852 /* libRCTLinking.a in Frameworks */,
				00C302E91ABCBA2D00DB3ED1 /* libRCTNetwork.a in Frameworks */,
				83992F161EC5B522008E4D8C /* Fabric.framework in Frameworks */,
				139105C61AF99C1200B5F7CC /* libRCTSettings.a in Frameworks */,
				832341BD1AAA6AB300B99B32 /* libRCTText.a in Frameworks */,
				00C302EA1ABCBA2D00DB3ED1 /* libRCTVibration.a in Frameworks */,
				139FDEF61B0652A700C62182 /* libRCTWebSocket.a in Frameworks */,
				8EE50F7AB46647EA937D0B12 /* libRNSVG.a in Frameworks */,
				89EF6799A2B7463B8D0C52CA /* libRNVectorIcons.a in Frameworks */,
				83992F171EC5B522008E4D8C /* Crashlytics.framework in Frameworks */,
				7C21D8A3D095418FA3F275C9 /* libRNImagePicker.a in Frameworks */,
				D79C67DB2068955B00783615 /* FBSDKCoreKit.framework in Frameworks */,
				84B77DC83E3B4E87AF27A12A /* libRCTVideo.a in Frameworks */,
				A380EEC04D364DD8A6DFA5BF /* libReactNativePermissions.a in Frameworks */,
				43DB0FA3B9C34A03A0AAC6C4 /* libRCTFBSDK.a in Frameworks */,
				3277884FF7EC4B64A894C83C /* libRNDeviceInfo.a in Frameworks */,
				11F3CE89DE9A40399ECBC0EA /* libRNFetchBlob.a in Frameworks */,
				72A30FCB3FA548ACBB638D86 /* libRNIntercom.a in Frameworks */,
				8169DE061EBC9D57006DB9EE /* Intercom.framework in Frameworks */,
				68682D2C7456418F85779301 /* libAutoGrowTextInput.a in Frameworks */,
				5D3F5553718642308CB45960 /* libSMXCrashlytics.a in Frameworks */,
				D79C67D92068954200783615 /* Bolts.framework in Frameworks */,
				8B2D22A0E12E481B900FBEE8 /* libReactNativeConfig.a in Frameworks */,
				29E55D0079F640F5977744D0 /* libBVLinearGradient.a in Frameworks */,
				4D5A583744394965B6616514 /* libRCTYouTube.a in Frameworks */,
			);
			runOnlyForDeploymentPostprocessing = 0;
		};
/* End PBXFrameworksBuildPhase section */

/* Begin PBXGroup section */
		00C302A81ABCB8CE00DB3ED1 /* Products */ = {
			isa = PBXGroup;
			children = (
				00C302AC1ABCB8CE00DB3ED1 /* libRCTActionSheet.a */,
			);
			name = Products;
			sourceTree = "<group>";
		};
		00C302B61ABCB90400DB3ED1 /* Products */ = {
			isa = PBXGroup;
			children = (
				00C302BA1ABCB90400DB3ED1 /* libRCTGeolocation.a */,
			);
			name = Products;
			sourceTree = "<group>";
		};
		00C302BC1ABCB91800DB3ED1 /* Products */ = {
			isa = PBXGroup;
			children = (
				00C302C01ABCB91800DB3ED1 /* libRCTImage.a */,
				8196E8F31E0821DE0040D22F /* libRCTImage-tvOS.a */,
			);
			name = Products;
			sourceTree = "<group>";
		};
		00C302D41ABCB9D200DB3ED1 /* Products */ = {
			isa = PBXGroup;
			children = (
				00C302DC1ABCB9D200DB3ED1 /* libRCTNetwork.a */,
				8196E8FB1E0821DE0040D22F /* libRCTNetwork-tvOS.a */,
			);
			name = Products;
			sourceTree = "<group>";
		};
		00C302E01ABCB9EE00DB3ED1 /* Products */ = {
			isa = PBXGroup;
			children = (
				00C302E41ABCB9EE00DB3ED1 /* libRCTVibration.a */,
			);
			name = Products;
			sourceTree = "<group>";
		};
		00E356EF1AD99517003FC87E /* Pearson360Tests */ = {
			isa = PBXGroup;
			children = (
				00E356F21AD99517003FC87E /* Pearson360Tests.m */,
				00E356F01AD99517003FC87E /* Supporting Files */,
			);
			path = Pearson360Tests;
			sourceTree = "<group>";
		};
		00E356F01AD99517003FC87E /* Supporting Files */ = {
			isa = PBXGroup;
			children = (
				00E356F11AD99517003FC87E /* Info.plist */,
			);
			name = "Supporting Files";
			sourceTree = "<group>";
		};
		041BB04C1F54E98600587A9B /* Products */ = {
			isa = PBXGroup;
			children = (
				041BB0791F54E98600587A9B /* libRNI18n.a */,
				041BB07B1F54E98600587A9B /* libRNI18n-tvOS.a */,
			);
			name = Products;
			sourceTree = "<group>";
		};
		139105B71AF99BAD00B5F7CC /* Products */ = {
			isa = PBXGroup;
			children = (
				139105C11AF99BAD00B5F7CC /* libRCTSettings.a */,
				8196E8FF1E0821DE0040D22F /* libRCTSettings-tvOS.a */,
			);
			name = Products;
			sourceTree = "<group>";
		};
		139FDEE71B06529A00C62182 /* Products */ = {
			isa = PBXGroup;
			children = (
				139FDEF41B06529B00C62182 /* libRCTWebSocket.a */,
				8196E9081E0821DE0040D22F /* libRCTWebSocket-tvOS.a */,
			);
			name = Products;
			sourceTree = "<group>";
		};
		13B07FAE1A68108700A75B9A /* Pearson360 */ = {
			isa = PBXGroup;
			children = (
				83D78C841EE6DFD70021AC37 /* YTPlayerView-iframe-player.html */,
				008F07F21AC5B25A0029DE68 /* main.jsbundle */,
				13B07FAF1A68108700A75B9A /* AppDelegate.h */,
				13B07FB01A68108700A75B9A /* AppDelegate.m */,
				13B07FB51A68108700A75B9A /* Images.xcassets */,
				13B07FB61A68108700A75B9A /* Info.plist */,
				13B07FB71A68108700A75B9A /* main.m */,
			);
			name = Pearson360;
			sourceTree = "<group>";
		};
		146834001AC3E56700842450 /* Products */ = {
			isa = PBXGroup;
			children = (
				146834041AC3E56700842450 /* libReact.a */,
				8196E90C1E0821DE0040D22F /* libReact.a */,
				81BCC8DB1E420ACF00AA9207 /* libyoga.a */,
				81BCC8DD1E420ACF00AA9207 /* libyoga.a */,
				81BCC8DF1E420ACF00AA9207 /* libcxxreact.a */,
				81BCC8E11E420ACF00AA9207 /* libcxxreact.a */,
				81BCC8E31E420ACF00AA9207 /* libjschelpers.a */,
				81BCC8E51E420ACF00AA9207 /* libjschelpers.a */,
				04DB661E1F94A7B600F28DBA /* libthird-party.a */,
				0447D73C1F50509600C02857 /* libthird-party.a */,
				04DB66201F94A7B600F28DBA /* libdouble-conversion.a */,
				0447D73E1F50509600C02857 /* libdouble-conversion.a */,
			);
			name = Products;
			sourceTree = "<group>";
		};
		5E91572E1DD0AC6500FF2AA8 /* Products */ = {
			isa = PBXGroup;
			children = (
				5E9157331DD0AC6500FF2AA8 /* libRCTAnimation.a */,
				5E9157351DD0AC6500FF2AA8 /* libRCTAnimation.a */,
			);
			name = Products;
			sourceTree = "<group>";
		};
		60511D041E43545D00F834EC /* Products */ = {
			isa = PBXGroup;
			children = (
				60511D241E43546300F834EC /* libReactNativePermissions.a */,
			);
			name = Products;
			sourceTree = "<group>";
		};
		60AA4A601E38AA54007BA7E3 /* Products */ = {
			isa = PBXGroup;
			children = (
				60AA4A641E38AA55007BA7E3 /* libRCTCameraRoll.a */,
			);
			name = Products;
			sourceTree = "<group>";
		};
		78C398B11ACF4ADC00677621 /* Products */ = {
			isa = PBXGroup;
			children = (
				78C398B91ACF4ADC00677621 /* libRCTLinking.a */,
				8196E8F71E0821DE0040D22F /* libRCTLinking-tvOS.a */,
			);
			name = Products;
			sourceTree = "<group>";
		};
		7DEC941720A84A769B6D91E2 /* Resources */ = {
			isa = PBXGroup;
			children = (
				2D5AE329D3234D49B791F3CB /* OpenSans-Bold.ttf */,
				15471EF48660491097F3C6D3 /* OpenSans-Light.ttf */,
				228E150689DB45E7849C9E1D /* OpenSans-Regular.ttf */,
				064375821CD94DA580BC6B39 /* OpenSans-Semibold.ttf */,
				30A3D9FBE6A8469493CB0764 /* PlayfairDisplay-Bold.ttf */,
				C32FCCB134964F239074528C /* PlayfairDisplay-Regular.ttf */,
				24AB0A5EC832459593D702AC /* Entypo.ttf */,
				0AD1EC6F87DF458494940FEA /* EvilIcons.ttf */,
				04D7B7D06917434B9F4343EB /* FontAwesome.ttf */,
				1E3B707E866B4CD3BA900CE9 /* Foundation.ttf */,
				4B128760C8824EF9B49D74FB /* Ionicons.ttf */,
				DFEFF5315FEE4422ABD68274 /* MaterialIcons.ttf */,
				7F9A0772F2944DABABB45420 /* Octicons.ttf */,
				58D53F1B1A7F4118BC2874CF /* SimpleLineIcons.ttf */,
				063AC9F44F974AA29920D13E /* Zocial.ttf */,
				974E1266D1EA43C9A9150961 /* MaterialCommunityIcons.ttf */,
				AA9DAD5E6A9547279FEB8D9A /* OpenSans-BoldItalic.ttf */,
				8258E4DF0CD54896AD5B7FBF /* OpenSans-Italic.ttf */,
				25BEF79875C94B01B02E1C4C /* OpenSans-LightItalic.ttf */,
				90D8F7C01F594F2DBF276707 /* OpenSans-SemiboldItalic.ttf */,
				606D50801EF2A2BF002E65E1 /* icomoon.ttf */,
			);
			name = Resources;
			sourceTree = "<group>";
		};
		8169DDD91EBC9A0D006DB9EE /* Products */ = {
			isa = PBXGroup;
			children = (
				8169DDFF1EBC9A0D006DB9EE /* libRNIntercom.a */,
			);
			name = Products;
			sourceTree = "<group>";
		};
		8196E8E61E0821DA0040D22F /* Products */ = {
			isa = PBXGroup;
			children = (
				8196E9121E0821DE0040D22F /* libRNSVG.a */,
				04DB662A1F94A7B600F28DBA /* libRNSVG-tvOS.a */,
			);
			name = Products;
			sourceTree = "<group>";
		};
		8196E8E81E0821DA0040D22F /* Products */ = {
			isa = PBXGroup;
			children = (
				8196E9151E0821DE0040D22F /* libRNVectorIcons.a */,
			);
			name = Products;
			sourceTree = "<group>";
		};
		81A26AF21E40C80B003B1A67 /* Products */ = {
			isa = PBXGroup;
			children = (
				81A26B0C1E40C80E003B1A67 /* libRNImagePicker.a */,
			);
			name = Products;
			sourceTree = "<group>";
		};
		81BCC8BB1E420ACF00AA9207 /* Products */ = {
			isa = PBXGroup;
			children = (
				81BCC8CF1E420ACF00AA9207 /* libRCTVideo.a */,
			);
			name = Products;
			sourceTree = "<group>";
		};
		832341AE1AAA6A7D00B99B32 /* Libraries */ = {
			isa = PBXGroup;
			children = (
				041BB04B1F54E98600587A9B /* RNI18n.xcodeproj */,
				60AA4A5F1E38AA54007BA7E3 /* RCTCameraRoll.xcodeproj */,
				5E91572D1DD0AC6500FF2AA8 /* RCTAnimation.xcodeproj */,
				146833FF1AC3E56700842450 /* React.xcodeproj */,
				00C302A71ABCB8CE00DB3ED1 /* RCTActionSheet.xcodeproj */,
				00C302B51ABCB90400DB3ED1 /* RCTGeolocation.xcodeproj */,
				00C302BB1ABCB91800DB3ED1 /* RCTImage.xcodeproj */,
				78C398B01ACF4ADC00677621 /* RCTLinking.xcodeproj */,
				00C302D31ABCB9D200DB3ED1 /* RCTNetwork.xcodeproj */,
				139105B61AF99BAD00B5F7CC /* RCTSettings.xcodeproj */,
				832341B01AAA6A8300B99B32 /* RCTText.xcodeproj */,
				00C302DF1ABCB9EE00DB3ED1 /* RCTVibration.xcodeproj */,
				139FDEE61B06529A00C62182 /* RCTWebSocket.xcodeproj */,
				5AA101F28BAA44B1AE9EB7ED /* RNSVG.xcodeproj */,
				45630A1F4BDE4974A3D76768 /* RNVectorIcons.xcodeproj */,
				9D396E5F51CA49A399C58C74 /* RNImagePicker.xcodeproj */,
				1756E698794B452A85631EF1 /* RCTVideo.xcodeproj */,
				23788B2B463A4621B125C0BD /* ReactNativePermissions.xcodeproj */,
				3DBCE89C80A844C2959488BB /* RCTFBSDK.xcodeproj */,
				8AFD9FAF8C6641ED998B0116 /* RNDeviceInfo.xcodeproj */,
				DA90E9E3FCAC420CB8EC05F3 /* RNFetchBlob.xcodeproj */,
				F3117CF555844CE6A0A790D5 /* RNIntercom.xcodeproj */,
				1E190137E95A4C228339A8A1 /* AutoGrowTextInput.xcodeproj */,
				ACDB029EFF8645098685166F /* SMXCrashlytics.xcodeproj */,
				AC0A956068DB467D848EB9FA /* ReactNativeConfig.xcodeproj */,
				95402762698F439C94813606 /* BVLinearGradient.xcodeproj */,
				5DCBE9A698E54C2C8F7EA9B8 /* RCTYouTube.xcodeproj */,
			);
			name = Libraries;
			sourceTree = "<group>";
		};
		832341B11AAA6A8300B99B32 /* Products */ = {
			isa = PBXGroup;
			children = (
				832341B51AAA6A8300B99B32 /* libRCTText.a */,
				8196E9031E0821DE0040D22F /* libRCTText-tvOS.a */,
			);
			name = Products;
			sourceTree = "<group>";
		};
		8324FEC21ED599FD001DFB22 /* Products */ = {
			isa = PBXGroup;
			children = (
				8324FEC71ED599FD001DFB22 /* libBVLinearGradient.a */,
				D5BE11B41F94E416000AF3BC /* libBVLinearGradient.a */,
			);
			name = Products;
			sourceTree = "<group>";
		};
		835C5D801E76C1F000DC6896 /* Frameworks */ = {
			isa = PBXGroup;
			children = (
				D79C67AA2068954200783615 /* Bolts.framework */,
				D79C67DA2068955B00783615 /* FBSDKCoreKit.framework */,
				D79C67DC2068956C00783615 /* FBSDKLoginKit.framework */,
				D79C67DE2068957A00783615 /* FBSDKShareKit.framework */,
			);
			name = Frameworks;
			sourceTree = "<group>";
		};
		835C5DC91E76EF7900DC6896 /* Products */ = {
			isa = PBXGroup;
			children = (
				835C5DD11E76EF7A00DC6896 /* libRCTFBSDK.a */,
			);
			name = Products;
			sourceTree = "<group>";
		};
		836AA5D11EC628BF000978A4 /* Products */ = {
			isa = PBXGroup;
			children = (
				836AA5F31EC628C0000978A4 /* libReactNativeConfig.a */,
			);
			name = Products;
			sourceTree = "<group>";
		};
		837CB0391EAF6F3E00208362 /* Products */ = {
			isa = PBXGroup;
			children = (
				837CB05E1EAF6F3E00208362 /* libRNFetchBlob.a */,
			);
			name = Products;
			sourceTree = "<group>";
		};
		83992F301EC5BD17008E4D8C /* Products */ = {
			isa = PBXGroup;
			children = (
				83992F5A1EC5BD17008E4D8C /* libSMXCrashlytics.a */,
			);
			name = Products;
			sourceTree = "<group>";
		};
		83A207711E9E60B900DE5E89 /* Products */ = {
			isa = PBXGroup;
			children = (
				83A207951E9E60B900DE5E89 /* libRNDeviceInfo.a */,
			);
			name = Products;
			sourceTree = "<group>";
		};
		83CBB9F61A601CBA00E9B192 = {
			isa = PBXGroup;
			children = (
				83992F141EC5B522008E4D8C /* Fabric.framework */,
				83992F151EC5B522008E4D8C /* Crashlytics.framework */,
				8169DE051EBC9D57006DB9EE /* Intercom.framework */,
				835C5D801E76C1F000DC6896 /* Frameworks */,
				13B07FAE1A68108700A75B9A /* Pearson360 */,
				832341AE1AAA6A7D00B99B32 /* Libraries */,
				00E356EF1AD99517003FC87E /* Pearson360Tests */,
				83CBBA001A601CBA00E9B192 /* Products */,
				7DEC941720A84A769B6D91E2 /* Resources */,
				D5D64ABE1F9610E800C31209 /* Recovered References */,
			);
			indentWidth = 2;
			sourceTree = "<group>";
			tabWidth = 2;
		};
		83CBBA001A601CBA00E9B192 /* Products */ = {
			isa = PBXGroup;
			children = (
				13B07F961A680F5B00A75B9A /* Pearson360.app */,
				00E356EE1AD99517003FC87E /* Pearson360Tests.xctest */,
			);
			name = Products;
			sourceTree = "<group>";
		};
		83D78C571EE6DF4F0021AC37 /* Products */ = {
			isa = PBXGroup;
			children = (
				606D50691EF29FA3002E65E1 /* libRCTYouTube.a */,
			);
			name = Products;
			sourceTree = "<group>";
		};
		83F9EA361EC0B996008419C3 /* Products */ = {
			isa = PBXGroup;
			children = (
				83F9EA3A1EC0B996008419C3 /* libAutoGrowTextInput.a */,
			);
			name = Products;
			sourceTree = "<group>";
		};
		D5D64ABE1F9610E800C31209 /* Recovered References */ = {
			isa = PBXGroup;
			children = (
				4A0AD0DC8C724F2993C80F88 /* libRNSVG.a */,
				A9DA1581D35F45909ED6E036 /* libRNVectorIcons.a */,
				CD5AFA12D7C94EDEA609B70D /* libRNImagePicker.a */,
				B9C0E7C55DD448349731188F /* libRCTVideo.a */,
				BB2FBF6B60704D4191053DAB /* libReactNativePermissions.a */,
				72B67DAFDF3E4C6886A9D4AF /* libRCTFBSDK.a */,
				07CF02CB490343679C20326F /* libRNDeviceInfo.a */,
				AB17C7F8B7994E22A4421CFF /* libRNFetchBlob.a */,
				6C10EE56518C4A9A9A15CB56 /* libRNIntercom.a */,
				F29C4AE7885F4F8B88A2E82D /* libAutoGrowTextInput.a */,
				1D52AA769EB94A56B461DCDA /* libSMXCrashlytics.a */,
				8347D38049BA4BA79FB50026 /* libReactNativeConfig.a */,
				DCD0CD24ED21447F9A5F67E9 /* libBVLinearGradient.a */,
				5D6D6659730942CF8A88CA20 /* libRCTYouTube.a */,
			);
			name = "Recovered References";
			sourceTree = "<group>";
		};
/* End PBXGroup section */

/* Begin PBXNativeTarget section */
		00E356ED1AD99517003FC87E /* Pearson360Tests */ = {
			isa = PBXNativeTarget;
			buildConfigurationList = 00E357021AD99517003FC87E /* Build configuration list for PBXNativeTarget "Pearson360Tests" */;
			buildPhases = (
				00E356EA1AD99517003FC87E /* Sources */,
				00E356EB1AD99517003FC87E /* Frameworks */,
				00E356EC1AD99517003FC87E /* Resources */,
			);
			buildRules = (
			);
			dependencies = (
				00E356F51AD99517003FC87E /* PBXTargetDependency */,
			);
			name = Pearson360Tests;
			productName = Pearson360Tests;
			productReference = 00E356EE1AD99517003FC87E /* Pearson360Tests.xctest */;
			productType = "com.apple.product-type.bundle.unit-test";
		};
		13B07F861A680F5B00A75B9A /* Pearson360 */ = {
			isa = PBXNativeTarget;
			buildConfigurationList = 13B07F931A680F5B00A75B9A /* Build configuration list for PBXNativeTarget "Pearson360" */;
			buildPhases = (
				13B07F871A680F5B00A75B9A /* Sources */,
				13B07F8C1A680F5B00A75B9A /* Frameworks */,
				13B07F8E1A680F5B00A75B9A /* Resources */,
				00DD1BFF1BD5951E006B06BC /* Bundle React Native code and images */,
				8169DE081EBC9D57006DB9EE /* Embed Frameworks */,
				8169DE091EBC9E1A006DB9EE /* ShellScript */,
				83992F131EC5B4E4008E4D8C /* ShellScript */,
			);
			buildRules = (
			);
			dependencies = (
			);
			name = Pearson360;
			productName = "Hello World";
			productReference = 13B07F961A680F5B00A75B9A /* Pearson360.app */;
			productType = "com.apple.product-type.application";
		};
/* End PBXNativeTarget section */

/* Begin PBXProject section */
		83CBB9F71A601CBA00E9B192 /* Project object */ = {
			isa = PBXProject;
			attributes = {
				LastUpgradeCheck = 0810;
				ORGANIZATIONNAME = Facebook;
				TargetAttributes = {
					00E356ED1AD99517003FC87E = {
						CreatedOnToolsVersion = 6.2;
						DevelopmentTeam = B3M7465C5K;
						TestTargetID = 13B07F861A680F5B00A75B9A;
					};
					13B07F861A680F5B00A75B9A = {
						DevelopmentTeam = SQ7G69FDJZ;
						ProvisioningStyle = Manual;
					};
				};
			};
			buildConfigurationList = 83CBB9FA1A601CBA00E9B192 /* Build configuration list for PBXProject "Pearson360" */;
			compatibilityVersion = "Xcode 3.2";
			developmentRegion = English;
			hasScannedForEncodings = 0;
			knownRegions = (
				en,
				Base,
			);
			mainGroup = 83CBB9F61A601CBA00E9B192;
			productRefGroup = 83CBBA001A601CBA00E9B192 /* Products */;
			projectDirPath = "";
			projectReferences = (
				{
					ProductGroup = 83F9EA361EC0B996008419C3 /* Products */;
					ProjectRef = 1E190137E95A4C228339A8A1 /* AutoGrowTextInput.xcodeproj */;
				},
				{
					ProductGroup = 8324FEC21ED599FD001DFB22 /* Products */;
					ProjectRef = 95402762698F439C94813606 /* BVLinearGradient.xcodeproj */;
				},
				{
					ProductGroup = 00C302A81ABCB8CE00DB3ED1 /* Products */;
					ProjectRef = 00C302A71ABCB8CE00DB3ED1 /* RCTActionSheet.xcodeproj */;
				},
				{
					ProductGroup = 5E91572E1DD0AC6500FF2AA8 /* Products */;
					ProjectRef = 5E91572D1DD0AC6500FF2AA8 /* RCTAnimation.xcodeproj */;
				},
				{
					ProductGroup = 60AA4A601E38AA54007BA7E3 /* Products */;
					ProjectRef = 60AA4A5F1E38AA54007BA7E3 /* RCTCameraRoll.xcodeproj */;
				},
				{
					ProductGroup = 835C5DC91E76EF7900DC6896 /* Products */;
					ProjectRef = 3DBCE89C80A844C2959488BB /* RCTFBSDK.xcodeproj */;
				},
				{
					ProductGroup = 00C302B61ABCB90400DB3ED1 /* Products */;
					ProjectRef = 00C302B51ABCB90400DB3ED1 /* RCTGeolocation.xcodeproj */;
				},
				{
					ProductGroup = 00C302BC1ABCB91800DB3ED1 /* Products */;
					ProjectRef = 00C302BB1ABCB91800DB3ED1 /* RCTImage.xcodeproj */;
				},
				{
					ProductGroup = 78C398B11ACF4ADC00677621 /* Products */;
					ProjectRef = 78C398B01ACF4ADC00677621 /* RCTLinking.xcodeproj */;
				},
				{
					ProductGroup = 00C302D41ABCB9D200DB3ED1 /* Products */;
					ProjectRef = 00C302D31ABCB9D200DB3ED1 /* RCTNetwork.xcodeproj */;
				},
				{
					ProductGroup = 139105B71AF99BAD00B5F7CC /* Products */;
					ProjectRef = 139105B61AF99BAD00B5F7CC /* RCTSettings.xcodeproj */;
				},
				{
					ProductGroup = 832341B11AAA6A8300B99B32 /* Products */;
					ProjectRef = 832341B01AAA6A8300B99B32 /* RCTText.xcodeproj */;
				},
				{
					ProductGroup = 00C302E01ABCB9EE00DB3ED1 /* Products */;
					ProjectRef = 00C302DF1ABCB9EE00DB3ED1 /* RCTVibration.xcodeproj */;
				},
				{
					ProductGroup = 81BCC8BB1E420ACF00AA9207 /* Products */;
					ProjectRef = 1756E698794B452A85631EF1 /* RCTVideo.xcodeproj */;
				},
				{
					ProductGroup = 139FDEE71B06529A00C62182 /* Products */;
					ProjectRef = 139FDEE61B06529A00C62182 /* RCTWebSocket.xcodeproj */;
				},
				{
					ProductGroup = 83D78C571EE6DF4F0021AC37 /* Products */;
					ProjectRef = 5DCBE9A698E54C2C8F7EA9B8 /* RCTYouTube.xcodeproj */;
				},
				{
					ProductGroup = 146834001AC3E56700842450 /* Products */;
					ProjectRef = 146833FF1AC3E56700842450 /* React.xcodeproj */;
				},
				{
					ProductGroup = 836AA5D11EC628BF000978A4 /* Products */;
					ProjectRef = AC0A956068DB467D848EB9FA /* ReactNativeConfig.xcodeproj */;
				},
				{
					ProductGroup = 60511D041E43545D00F834EC /* Products */;
					ProjectRef = 23788B2B463A4621B125C0BD /* ReactNativePermissions.xcodeproj */;
				},
				{
					ProductGroup = 83A207711E9E60B900DE5E89 /* Products */;
					ProjectRef = 8AFD9FAF8C6641ED998B0116 /* RNDeviceInfo.xcodeproj */;
				},
				{
					ProductGroup = 837CB0391EAF6F3E00208362 /* Products */;
					ProjectRef = DA90E9E3FCAC420CB8EC05F3 /* RNFetchBlob.xcodeproj */;
				},
				{
					ProductGroup = 041BB04C1F54E98600587A9B /* Products */;
					ProjectRef = 041BB04B1F54E98600587A9B /* RNI18n.xcodeproj */;
				},
				{
					ProductGroup = 81A26AF21E40C80B003B1A67 /* Products */;
					ProjectRef = 9D396E5F51CA49A399C58C74 /* RNImagePicker.xcodeproj */;
				},
				{
					ProductGroup = 8169DDD91EBC9A0D006DB9EE /* Products */;
					ProjectRef = F3117CF555844CE6A0A790D5 /* RNIntercom.xcodeproj */;
				},
				{
					ProductGroup = 8196E8E61E0821DA0040D22F /* Products */;
					ProjectRef = 5AA101F28BAA44B1AE9EB7ED /* RNSVG.xcodeproj */;
				},
				{
					ProductGroup = 8196E8E81E0821DA0040D22F /* Products */;
					ProjectRef = 45630A1F4BDE4974A3D76768 /* RNVectorIcons.xcodeproj */;
				},
				{
					ProductGroup = 83992F301EC5BD17008E4D8C /* Products */;
					ProjectRef = ACDB029EFF8645098685166F /* SMXCrashlytics.xcodeproj */;
				},
			);
			projectRoot = "";
			targets = (
				13B07F861A680F5B00A75B9A /* Pearson360 */,
				00E356ED1AD99517003FC87E /* Pearson360Tests */,
			);
		};
/* End PBXProject section */

/* Begin PBXReferenceProxy section */
		00C302AC1ABCB8CE00DB3ED1 /* libRCTActionSheet.a */ = {
			isa = PBXReferenceProxy;
			fileType = archive.ar;
			path = libRCTActionSheet.a;
			remoteRef = 00C302AB1ABCB8CE00DB3ED1 /* PBXContainerItemProxy */;
			sourceTree = BUILT_PRODUCTS_DIR;
		};
		00C302BA1ABCB90400DB3ED1 /* libRCTGeolocation.a */ = {
			isa = PBXReferenceProxy;
			fileType = archive.ar;
			path = libRCTGeolocation.a;
			remoteRef = 00C302B91ABCB90400DB3ED1 /* PBXContainerItemProxy */;
			sourceTree = BUILT_PRODUCTS_DIR;
		};
		00C302C01ABCB91800DB3ED1 /* libRCTImage.a */ = {
			isa = PBXReferenceProxy;
			fileType = archive.ar;
			path = libRCTImage.a;
			remoteRef = 00C302BF1ABCB91800DB3ED1 /* PBXContainerItemProxy */;
			sourceTree = BUILT_PRODUCTS_DIR;
		};
		00C302DC1ABCB9D200DB3ED1 /* libRCTNetwork.a */ = {
			isa = PBXReferenceProxy;
			fileType = archive.ar;
			path = libRCTNetwork.a;
			remoteRef = 00C302DB1ABCB9D200DB3ED1 /* PBXContainerItemProxy */;
			sourceTree = BUILT_PRODUCTS_DIR;
		};
		00C302E41ABCB9EE00DB3ED1 /* libRCTVibration.a */ = {
			isa = PBXReferenceProxy;
			fileType = archive.ar;
			path = libRCTVibration.a;
			remoteRef = 00C302E31ABCB9EE00DB3ED1 /* PBXContainerItemProxy */;
			sourceTree = BUILT_PRODUCTS_DIR;
		};
		041BB0791F54E98600587A9B /* libRNI18n.a */ = {
			isa = PBXReferenceProxy;
			fileType = archive.ar;
			path = libRNI18n.a;
			remoteRef = 041BB0781F54E98600587A9B /* PBXContainerItemProxy */;
			sourceTree = BUILT_PRODUCTS_DIR;
		};
		041BB07B1F54E98600587A9B /* libRNI18n-tvOS.a */ = {
			isa = PBXReferenceProxy;
			fileType = archive.ar;
			path = "libRNI18n-tvOS.a";
			remoteRef = 041BB07A1F54E98600587A9B /* PBXContainerItemProxy */;
			sourceTree = BUILT_PRODUCTS_DIR;
		};
		0447D73C1F50509600C02857 /* libthird-party.a */ = {
			isa = PBXReferenceProxy;
			fileType = archive.ar;
			path = "libthird-party.a";
			remoteRef = 0447D73B1F50509600C02857 /* PBXContainerItemProxy */;
			sourceTree = BUILT_PRODUCTS_DIR;
		};
		0447D73E1F50509600C02857 /* libdouble-conversion.a */ = {
			isa = PBXReferenceProxy;
			fileType = archive.ar;
			path = "libdouble-conversion.a";
			remoteRef = 0447D73D1F50509600C02857 /* PBXContainerItemProxy */;
			sourceTree = BUILT_PRODUCTS_DIR;
		};
		04DB661E1F94A7B600F28DBA /* libthird-party.a */ = {
			isa = PBXReferenceProxy;
			fileType = archive.ar;
			path = "libthird-party.a";
			remoteRef = 04DB661D1F94A7B600F28DBA /* PBXContainerItemProxy */;
			sourceTree = BUILT_PRODUCTS_DIR;
		};
		04DB66201F94A7B600F28DBA /* libdouble-conversion.a */ = {
			isa = PBXReferenceProxy;
			fileType = archive.ar;
			path = "libdouble-conversion.a";
			remoteRef = 04DB661F1F94A7B600F28DBA /* PBXContainerItemProxy */;
			sourceTree = BUILT_PRODUCTS_DIR;
		};
		04DB662A1F94A7B600F28DBA /* libRNSVG-tvOS.a */ = {
			isa = PBXReferenceProxy;
			fileType = archive.ar;
			path = "libRNSVG-tvOS.a";
			remoteRef = 04DB66291F94A7B600F28DBA /* PBXContainerItemProxy */;
			sourceTree = BUILT_PRODUCTS_DIR;
		};
		139105C11AF99BAD00B5F7CC /* libRCTSettings.a */ = {
			isa = PBXReferenceProxy;
			fileType = archive.ar;
			path = libRCTSettings.a;
			remoteRef = 139105C01AF99BAD00B5F7CC /* PBXContainerItemProxy */;
			sourceTree = BUILT_PRODUCTS_DIR;
		};
		139FDEF41B06529B00C62182 /* libRCTWebSocket.a */ = {
			isa = PBXReferenceProxy;
			fileType = archive.ar;
			path = libRCTWebSocket.a;
			remoteRef = 139FDEF31B06529B00C62182 /* PBXContainerItemProxy */;
			sourceTree = BUILT_PRODUCTS_DIR;
		};
		146834041AC3E56700842450 /* libReact.a */ = {
			isa = PBXReferenceProxy;
			fileType = archive.ar;
			path = libReact.a;
			remoteRef = 146834031AC3E56700842450 /* PBXContainerItemProxy */;
			sourceTree = BUILT_PRODUCTS_DIR;
		};
		5E9157331DD0AC6500FF2AA8 /* libRCTAnimation.a */ = {
			isa = PBXReferenceProxy;
			fileType = archive.ar;
			path = libRCTAnimation.a;
			remoteRef = 5E9157321DD0AC6500FF2AA8 /* PBXContainerItemProxy */;
			sourceTree = BUILT_PRODUCTS_DIR;
		};
		5E9157351DD0AC6500FF2AA8 /* libRCTAnimation.a */ = {
			isa = PBXReferenceProxy;
			fileType = archive.ar;
			path = libRCTAnimation.a;
			remoteRef = 5E9157341DD0AC6500FF2AA8 /* PBXContainerItemProxy */;
			sourceTree = BUILT_PRODUCTS_DIR;
		};
		60511D241E43546300F834EC /* libReactNativePermissions.a */ = {
			isa = PBXReferenceProxy;
			fileType = archive.ar;
			path = libReactNativePermissions.a;
			remoteRef = 60511D231E43546300F834EC /* PBXContainerItemProxy */;
			sourceTree = BUILT_PRODUCTS_DIR;
		};
		606D50691EF29FA3002E65E1 /* libRCTYouTube.a */ = {
			isa = PBXReferenceProxy;
			fileType = archive.ar;
			path = libRCTYouTube.a;
			remoteRef = 606D50681EF29FA3002E65E1 /* PBXContainerItemProxy */;
			sourceTree = BUILT_PRODUCTS_DIR;
		};
		60AA4A641E38AA55007BA7E3 /* libRCTCameraRoll.a */ = {
			isa = PBXReferenceProxy;
			fileType = archive.ar;
			path = libRCTCameraRoll.a;
			remoteRef = 60AA4A631E38AA55007BA7E3 /* PBXContainerItemProxy */;
			sourceTree = BUILT_PRODUCTS_DIR;
		};
		78C398B91ACF4ADC00677621 /* libRCTLinking.a */ = {
			isa = PBXReferenceProxy;
			fileType = archive.ar;
			path = libRCTLinking.a;
			remoteRef = 78C398B81ACF4ADC00677621 /* PBXContainerItemProxy */;
			sourceTree = BUILT_PRODUCTS_DIR;
		};
		8169DDFF1EBC9A0D006DB9EE /* libRNIntercom.a */ = {
			isa = PBXReferenceProxy;
			fileType = archive.ar;
			path = libRNIntercom.a;
			remoteRef = 8169DDFE1EBC9A0D006DB9EE /* PBXContainerItemProxy */;
			sourceTree = BUILT_PRODUCTS_DIR;
		};
		8196E8F31E0821DE0040D22F /* libRCTImage-tvOS.a */ = {
			isa = PBXReferenceProxy;
			fileType = archive.ar;
			path = "libRCTImage-tvOS.a";
			remoteRef = 8196E8F21E0821DE0040D22F /* PBXContainerItemProxy */;
			sourceTree = BUILT_PRODUCTS_DIR;
		};
		8196E8F71E0821DE0040D22F /* libRCTLinking-tvOS.a */ = {
			isa = PBXReferenceProxy;
			fileType = archive.ar;
			path = "libRCTLinking-tvOS.a";
			remoteRef = 8196E8F61E0821DE0040D22F /* PBXContainerItemProxy */;
			sourceTree = BUILT_PRODUCTS_DIR;
		};
		8196E8FB1E0821DE0040D22F /* libRCTNetwork-tvOS.a */ = {
			isa = PBXReferenceProxy;
			fileType = archive.ar;
			path = "libRCTNetwork-tvOS.a";
			remoteRef = 8196E8FA1E0821DE0040D22F /* PBXContainerItemProxy */;
			sourceTree = BUILT_PRODUCTS_DIR;
		};
		8196E8FF1E0821DE0040D22F /* libRCTSettings-tvOS.a */ = {
			isa = PBXReferenceProxy;
			fileType = archive.ar;
			path = "libRCTSettings-tvOS.a";
			remoteRef = 8196E8FE1E0821DE0040D22F /* PBXContainerItemProxy */;
			sourceTree = BUILT_PRODUCTS_DIR;
		};
		8196E9031E0821DE0040D22F /* libRCTText-tvOS.a */ = {
			isa = PBXReferenceProxy;
			fileType = archive.ar;
			path = "libRCTText-tvOS.a";
			remoteRef = 8196E9021E0821DE0040D22F /* PBXContainerItemProxy */;
			sourceTree = BUILT_PRODUCTS_DIR;
		};
		8196E9081E0821DE0040D22F /* libRCTWebSocket-tvOS.a */ = {
			isa = PBXReferenceProxy;
			fileType = archive.ar;
			path = "libRCTWebSocket-tvOS.a";
			remoteRef = 8196E9071E0821DE0040D22F /* PBXContainerItemProxy */;
			sourceTree = BUILT_PRODUCTS_DIR;
		};
		8196E90C1E0821DE0040D22F /* libReact.a */ = {
			isa = PBXReferenceProxy;
			fileType = archive.ar;
			path = libReact.a;
			remoteRef = 8196E90B1E0821DE0040D22F /* PBXContainerItemProxy */;
			sourceTree = BUILT_PRODUCTS_DIR;
		};
		8196E9121E0821DE0040D22F /* libRNSVG.a */ = {
			isa = PBXReferenceProxy;
			fileType = archive.ar;
			path = libRNSVG.a;
			remoteRef = 8196E9111E0821DE0040D22F /* PBXContainerItemProxy */;
			sourceTree = BUILT_PRODUCTS_DIR;
		};
		8196E9151E0821DE0040D22F /* libRNVectorIcons.a */ = {
			isa = PBXReferenceProxy;
			fileType = archive.ar;
			path = libRNVectorIcons.a;
			remoteRef = 8196E9141E0821DE0040D22F /* PBXContainerItemProxy */;
			sourceTree = BUILT_PRODUCTS_DIR;
		};
		81A26B0C1E40C80E003B1A67 /* libRNImagePicker.a */ = {
			isa = PBXReferenceProxy;
			fileType = archive.ar;
			path = libRNImagePicker.a;
			remoteRef = 81A26B0B1E40C80E003B1A67 /* PBXContainerItemProxy */;
			sourceTree = BUILT_PRODUCTS_DIR;
		};
		81BCC8CF1E420ACF00AA9207 /* libRCTVideo.a */ = {
			isa = PBXReferenceProxy;
			fileType = archive.ar;
			path = libRCTVideo.a;
			remoteRef = 81BCC8CE1E420ACF00AA9207 /* PBXContainerItemProxy */;
			sourceTree = BUILT_PRODUCTS_DIR;
		};
		81BCC8DB1E420ACF00AA9207 /* libyoga.a */ = {
			isa = PBXReferenceProxy;
			fileType = archive.ar;
			path = libyoga.a;
			remoteRef = 81BCC8DA1E420ACF00AA9207 /* PBXContainerItemProxy */;
			sourceTree = BUILT_PRODUCTS_DIR;
		};
		81BCC8DD1E420ACF00AA9207 /* libyoga.a */ = {
			isa = PBXReferenceProxy;
			fileType = archive.ar;
			path = libyoga.a;
			remoteRef = 81BCC8DC1E420ACF00AA9207 /* PBXContainerItemProxy */;
			sourceTree = BUILT_PRODUCTS_DIR;
		};
		81BCC8DF1E420ACF00AA9207 /* libcxxreact.a */ = {
			isa = PBXReferenceProxy;
			fileType = archive.ar;
			path = libcxxreact.a;
			remoteRef = 81BCC8DE1E420ACF00AA9207 /* PBXContainerItemProxy */;
			sourceTree = BUILT_PRODUCTS_DIR;
		};
		81BCC8E11E420ACF00AA9207 /* libcxxreact.a */ = {
			isa = PBXReferenceProxy;
			fileType = archive.ar;
			path = libcxxreact.a;
			remoteRef = 81BCC8E01E420ACF00AA9207 /* PBXContainerItemProxy */;
			sourceTree = BUILT_PRODUCTS_DIR;
		};
		81BCC8E31E420ACF00AA9207 /* libjschelpers.a */ = {
			isa = PBXReferenceProxy;
			fileType = archive.ar;
			path = libjschelpers.a;
			remoteRef = 81BCC8E21E420ACF00AA9207 /* PBXContainerItemProxy */;
			sourceTree = BUILT_PRODUCTS_DIR;
		};
		81BCC8E51E420ACF00AA9207 /* libjschelpers.a */ = {
			isa = PBXReferenceProxy;
			fileType = archive.ar;
			path = libjschelpers.a;
			remoteRef = 81BCC8E41E420ACF00AA9207 /* PBXContainerItemProxy */;
			sourceTree = BUILT_PRODUCTS_DIR;
		};
		832341B51AAA6A8300B99B32 /* libRCTText.a */ = {
			isa = PBXReferenceProxy;
			fileType = archive.ar;
			path = libRCTText.a;
			remoteRef = 832341B41AAA6A8300B99B32 /* PBXContainerItemProxy */;
			sourceTree = BUILT_PRODUCTS_DIR;
		};
		8324FEC71ED599FD001DFB22 /* libBVLinearGradient.a */ = {
			isa = PBXReferenceProxy;
			fileType = archive.ar;
			path = libBVLinearGradient.a;
			remoteRef = 8324FEC61ED599FD001DFB22 /* PBXContainerItemProxy */;
			sourceTree = BUILT_PRODUCTS_DIR;
		};
		835C5DD11E76EF7A00DC6896 /* libRCTFBSDK.a */ = {
			isa = PBXReferenceProxy;
			fileType = archive.ar;
			path = libRCTFBSDK.a;
			remoteRef = 835C5DD01E76EF7A00DC6896 /* PBXContainerItemProxy */;
			sourceTree = BUILT_PRODUCTS_DIR;
		};
		836AA5F31EC628C0000978A4 /* libReactNativeConfig.a */ = {
			isa = PBXReferenceProxy;
			fileType = archive.ar;
			path = libReactNativeConfig.a;
			remoteRef = 836AA5F21EC628C0000978A4 /* PBXContainerItemProxy */;
			sourceTree = BUILT_PRODUCTS_DIR;
		};
		837CB05E1EAF6F3E00208362 /* libRNFetchBlob.a */ = {
			isa = PBXReferenceProxy;
			fileType = archive.ar;
			path = libRNFetchBlob.a;
			remoteRef = 837CB05D1EAF6F3E00208362 /* PBXContainerItemProxy */;
			sourceTree = BUILT_PRODUCTS_DIR;
		};
		83992F5A1EC5BD17008E4D8C /* libSMXCrashlytics.a */ = {
			isa = PBXReferenceProxy;
			fileType = archive.ar;
			path = libSMXCrashlytics.a;
			remoteRef = 83992F591EC5BD17008E4D8C /* PBXContainerItemProxy */;
			sourceTree = BUILT_PRODUCTS_DIR;
		};
		83A207951E9E60B900DE5E89 /* libRNDeviceInfo.a */ = {
			isa = PBXReferenceProxy;
			fileType = archive.ar;
			path = libRNDeviceInfo.a;
			remoteRef = 83A207941E9E60B900DE5E89 /* PBXContainerItemProxy */;
			sourceTree = BUILT_PRODUCTS_DIR;
		};
		83F9EA3A1EC0B996008419C3 /* libAutoGrowTextInput.a */ = {
			isa = PBXReferenceProxy;
			fileType = archive.ar;
			path = libAutoGrowTextInput.a;
			remoteRef = 83F9EA391EC0B996008419C3 /* PBXContainerItemProxy */;
			sourceTree = BUILT_PRODUCTS_DIR;
		};
		D5BE11B41F94E416000AF3BC /* libBVLinearGradient.a */ = {
			isa = PBXReferenceProxy;
			fileType = archive.ar;
			path = libBVLinearGradient.a;
			remoteRef = D5BE11B31F94E416000AF3BC /* PBXContainerItemProxy */;
			sourceTree = BUILT_PRODUCTS_DIR;
		};
/* End PBXReferenceProxy section */

/* Begin PBXResourcesBuildPhase section */
		00E356EC1AD99517003FC87E /* Resources */ = {
			isa = PBXResourcesBuildPhase;
			buildActionMask = 2147483647;
			files = (
			);
			runOnlyForDeploymentPostprocessing = 0;
		};
		13B07F8E1A680F5B00A75B9A /* Resources */ = {
			isa = PBXResourcesBuildPhase;
			buildActionMask = 2147483647;
			files = (
				13B07FBF1A68108700A75B9A /* Images.xcassets in Resources */,
				7896C9B73EA5436F97574A9F /* OpenSans-Bold.ttf in Resources */,
				1C7D2C7D7E4145A68528F7EA /* OpenSans-Light.ttf in Resources */,
				0D9A6AC851F44DB39DBB5581 /* OpenSans-Regular.ttf in Resources */,
				DB0F305CE8054C17868837FC /* OpenSans-Semibold.ttf in Resources */,
				C2FFBA70B7C74F3D91A84A54 /* PlayfairDisplay-Bold.ttf in Resources */,
				F57DCCAC6A5E4F8AA54C1210 /* PlayfairDisplay-Regular.ttf in Resources */,
				066C35448AE342DC82B2760F /* Entypo.ttf in Resources */,
				D6E125F5EB2C40249AC25EAA /* EvilIcons.ttf in Resources */,
				38D5D5E3E5444901BC2CCC94 /* FontAwesome.ttf in Resources */,
				00982801386142B9A5880C8C /* Foundation.ttf in Resources */,
				A16831D5B01E4A45B7310CD1 /* Ionicons.ttf in Resources */,
				6B59A0B48E4E4F85989FF0DC /* MaterialIcons.ttf in Resources */,
				4D04AEFF2F2649119D1F3CB5 /* Octicons.ttf in Resources */,
				2D923AC09513426CBDB397CF /* SimpleLineIcons.ttf in Resources */,
				0D589314406543F1B01696CB /* Zocial.ttf in Resources */,
				BB301465ECC24D9AB3304A7E /* MaterialCommunityIcons.ttf in Resources */,
				606D50811EF2A2BF002E65E1 /* icomoon.ttf in Resources */,
				2E06A8D6812D4F3085A34A86 /* OpenSans-BoldItalic.ttf in Resources */,
				23DBD4EB8DEB43E28C687211 /* OpenSans-Italic.ttf in Resources */,
				7DC26C560DB4425F9A280CB2 /* OpenSans-LightItalic.ttf in Resources */,
				83D78C851EE6DFD70021AC37 /* YTPlayerView-iframe-player.html in Resources */,
				0F9B6AD3E41143F8BD079ED2 /* OpenSans-SemiboldItalic.ttf in Resources */,
			);
			runOnlyForDeploymentPostprocessing = 0;
		};
/* End PBXResourcesBuildPhase section */

/* Begin PBXShellScriptBuildPhase section */
		00DD1BFF1BD5951E006B06BC /* Bundle React Native code and images */ = {
			isa = PBXShellScriptBuildPhase;
			buildActionMask = 2147483647;
			files = (
			);
			inputPaths = (
			);
			name = "Bundle React Native code and images";
			outputPaths = (
			);
			runOnlyForDeploymentPostprocessing = 0;
			shellPath = /bin/sh;
			shellScript = "export NODE_BINARY=node\n../node_modules/react-native/packager/react-native-xcode.sh";
		};
		8169DE091EBC9E1A006DB9EE /* ShellScript */ = {
			isa = PBXShellScriptBuildPhase;
			buildActionMask = 2147483647;
			files = (
			);
			inputPaths = (
			);
			outputPaths = (
			);
			runOnlyForDeploymentPostprocessing = 0;
			shellPath = /bin/sh;
			shellScript = "bash \"${BUILT_PRODUCTS_DIR}/${FRAMEWORKS_FOLDER_PATH}/Intercom.framework/strip-frameworks.sh\"";
		};
		83992F131EC5B4E4008E4D8C /* ShellScript */ = {
			isa = PBXShellScriptBuildPhase;
			buildActionMask = 2147483647;
			files = (
			);
			inputPaths = (
			);
			outputPaths = (
			);
			runOnlyForDeploymentPostprocessing = 0;
			shellPath = /bin/sh;
			shellScript = "./Fabric.framework/run 3caa55923b743f13455c4decacac9e3d7d719c6d 04d1f0beb8f3413bf4f647de4512e8d152dd391befa41e4ce5a495cd3e54a22b";
		};
/* End PBXShellScriptBuildPhase section */

/* Begin PBXSourcesBuildPhase section */
		00E356EA1AD99517003FC87E /* Sources */ = {
			isa = PBXSourcesBuildPhase;
			buildActionMask = 2147483647;
			files = (
				00E356F31AD99517003FC87E /* Pearson360Tests.m in Sources */,
			);
			runOnlyForDeploymentPostprocessing = 0;
		};
		13B07F871A680F5B00A75B9A /* Sources */ = {
			isa = PBXSourcesBuildPhase;
			buildActionMask = 2147483647;
			files = (
				13B07FBC1A68108700A75B9A /* AppDelegate.m in Sources */,
				13B07FC11A68108700A75B9A /* main.m in Sources */,
			);
			runOnlyForDeploymentPostprocessing = 0;
		};
/* End PBXSourcesBuildPhase section */

/* Begin PBXTargetDependency section */
		00E356F51AD99517003FC87E /* PBXTargetDependency */ = {
			isa = PBXTargetDependency;
			target = 13B07F861A680F5B00A75B9A /* Pearson360 */;
			targetProxy = 00E356F41AD99517003FC87E /* PBXContainerItemProxy */;
		};
/* End PBXTargetDependency section */

/* Begin XCBuildConfiguration section */
		00E356F61AD99517003FC87E /* Debug */ = {
			isa = XCBuildConfiguration;
			buildSettings = {
				BUNDLE_LOADER = "$(TEST_HOST)";
				DEVELOPMENT_TEAM = B3M7465C5K;
				GCC_PREPROCESSOR_DEFINITIONS = (
					"DEBUG=1",
					"$(inherited)",
				);
				INFOPLIST_FILE = Pearson360Tests/Info.plist;
				IPHONEOS_DEPLOYMENT_TARGET = 8.0;
				LD_RUNPATH_SEARCH_PATHS = "$(inherited) @executable_path/Frameworks @loader_path/Frameworks";
				LIBRARY_SEARCH_PATHS = (
					"$(inherited)",
					"\"$(SRCROOT)/$(TARGET_NAME)\"",
					"\"$(SRCROOT)/$(TARGET_NAME)\"",
					"\"$(SRCROOT)/$(TARGET_NAME)\"",
				);
				PRODUCT_BUNDLE_IDENTIFIER = "org.reactjs.native.example.$(PRODUCT_NAME:rfc1034identifier)";
				PRODUCT_NAME = "$(TARGET_NAME)";
				TEST_HOST = "$(BUILT_PRODUCTS_DIR)/Pearson360.app/Pearson360";
			};
			name = Debug;
		};
		00E356F71AD99517003FC87E /* Release */ = {
			isa = XCBuildConfiguration;
			buildSettings = {
				BUNDLE_LOADER = "$(TEST_HOST)";
				COPY_PHASE_STRIP = NO;
				DEVELOPMENT_TEAM = B3M7465C5K;
				INFOPLIST_FILE = Pearson360Tests/Info.plist;
				IPHONEOS_DEPLOYMENT_TARGET = 8.0;
				LD_RUNPATH_SEARCH_PATHS = "$(inherited) @executable_path/Frameworks @loader_path/Frameworks";
				LIBRARY_SEARCH_PATHS = (
					"$(inherited)",
					"\"$(SRCROOT)/$(TARGET_NAME)\"",
					"\"$(SRCROOT)/$(TARGET_NAME)\"",
					"\"$(SRCROOT)/$(TARGET_NAME)\"",
				);
				PRODUCT_BUNDLE_IDENTIFIER = "org.reactjs.native.example.$(PRODUCT_NAME:rfc1034identifier)";
				PRODUCT_NAME = "$(TARGET_NAME)";
				TEST_HOST = "$(BUILT_PRODUCTS_DIR)/Pearson360.app/Pearson360";
			};
			name = Release;
		};
		13B07F941A680F5B00A75B9A /* Debug */ = {
			isa = XCBuildConfiguration;
			buildSettings = {
				ASSETCATALOG_COMPILER_APPICON_NAME = AppIcon;
				ASSETCATALOG_COMPILER_LAUNCHIMAGE_NAME = LaunchImage;
				CODE_SIGN_IDENTITY = "iPhone Distribution: DIGITAL EDUCATIONAL PUBLICATIONS LTD (SQ7G69FDJZ)";
				"CODE_SIGN_IDENTITY[sdk=iphoneos*]" = "iPhone Distribution: DIGITAL EDUCATIONAL PUBLICATIONS LTD (SQ7G69FDJZ)";
				CURRENT_PROJECT_VERSION = 1;
				DEAD_CODE_STRIPPING = NO;
				DEVELOPMENT_TEAM = SQ7G69FDJZ;
				ENABLE_BITCODE = YES;
				FRAMEWORK_SEARCH_PATHS = (
					"~/Documents/FacebookSDK",
					"$(PROJECT_DIR)",
				);
				HEADER_SEARCH_PATHS = (
					"$(inherited)",
					"$(SRCROOT)/../node_modules/react-native-fbsdk/ios/RCTFBSDK/**",
					"$(SRCROOT)/../node_modules/react-native-device-info/RNDeviceInfo",
					"$(SRCROOT)/../node_modules/react-native-fetch-blob/ios/**",
					"$(SRCROOT)/../node_modules/react-native-intercom/iOS",
					"$(SRCROOT)/../node_modules/react-native-autogrow-textinput/ios",
					"$(SRCROOT)/../node_modules/react-native-fabric/ios/SMXCrashlytics",
					"$(SRCROOT)/../node_modules/react-native-config/ios/ReactNativeConfig",
					"$(SRCROOT)/../node_modules/react-native-linear-gradient/BVLinearGradient",
					"$(SRCROOT)/../node_modules/react-native-youtube/**",
				);
				INFOPLIST_FILE = Pearson360/Info.plist;
				INFOPLIST_OTHER_PREPROCESSOR_FLAGS = "-traditional";
				INFOPLIST_PREFIX_HEADER = "${BUILD_DIR}/GeneratedInfoPlistDotEnv.h";
				INFOPLIST_PREPROCESS = YES;
				IPHONEOS_DEPLOYMENT_TARGET = 10.1;
				LD_RUNPATH_SEARCH_PATHS = "$(inherited) @executable_path/Frameworks";
				OTHER_LDFLAGS = (
					"$(inherited)",
					"-ObjC",
					"-lc++",
				);
				PRODUCT_BUNDLE_IDENTIFIER = com.whitelabelapplications.dis;
				PRODUCT_NAME = Pearson360;
				PROVISIONING_PROFILE = "5f293e88-2a31-41fd-8de7-af695cf4a56c";
				PROVISIONING_PROFILE_SPECIFIER = white_distribution;
				TARGETED_DEVICE_FAMILY = 1;
				VERSIONING_SYSTEM = "apple-generic";
			};
			name = Debug;
		};
		13B07F951A680F5B00A75B9A /* Release */ = {
			isa = XCBuildConfiguration;
			buildSettings = {
				ASSETCATALOG_COMPILER_APPICON_NAME = AppIcon;
				ASSETCATALOG_COMPILER_LAUNCHIMAGE_NAME = LaunchImage;
				CODE_SIGN_IDENTITY = "iPhone Distribution: DIGITAL EDUCATIONAL PUBLICATIONS LTD (SQ7G69FDJZ)";
				"CODE_SIGN_IDENTITY[sdk=iphoneos*]" = "iPhone Distribution: DIGITAL EDUCATIONAL PUBLICATIONS LTD (SQ7G69FDJZ)";
				CURRENT_PROJECT_VERSION = 1;
				DEVELOPMENT_TEAM = SQ7G69FDJZ;
				ENABLE_BITCODE = YES;
				FRAMEWORK_SEARCH_PATHS = (
					"~/Documents/FacebookSDK",
					"$(PROJECT_DIR)",
				);
				HEADER_SEARCH_PATHS = (
					"$(inherited)",
					"$(SRCROOT)/../node_modules/react-native-fbsdk/ios/RCTFBSDK/**",
					"$(SRCROOT)/../node_modules/react-native-device-info/RNDeviceInfo",
					"$(SRCROOT)/../node_modules/react-native-fetch-blob/ios/**",
					"$(SRCROOT)/../node_modules/react-native-intercom/iOS",
					"$(SRCROOT)/../node_modules/react-native-autogrow-textinput/ios",
					"$(SRCROOT)/../node_modules/react-native-fabric/ios/SMXCrashlytics",
					"$(SRCROOT)/../node_modules/react-native-config/ios/ReactNativeConfig",
					"$(SRCROOT)/../node_modules/react-native-linear-gradient/BVLinearGradient",
					"$(SRCROOT)/../node_modules/react-native-youtube/**",
				);
				INFOPLIST_FILE = Pearson360/Info.plist;
				INFOPLIST_OTHER_PREPROCESSOR_FLAGS = "-traditional";
				INFOPLIST_PREFIX_HEADER = "${BUILD_DIR}/GeneratedInfoPlistDotEnv.h";
				INFOPLIST_PREPROCESS = YES;
				IPHONEOS_DEPLOYMENT_TARGET = 10.1;
				LD_RUNPATH_SEARCH_PATHS = "$(inherited) @executable_path/Frameworks";
				OTHER_LDFLAGS = (
					"$(inherited)",
					"-ObjC",
					"-lc++",
				);
				PRODUCT_BUNDLE_IDENTIFIER = com.whitelabelapplications.dis;
				PRODUCT_NAME = Pearson360;
				PROVISIONING_PROFILE = "5f293e88-2a31-41fd-8de7-af695cf4a56c";
				PROVISIONING_PROFILE_SPECIFIER = white_distribution;
				TARGETED_DEVICE_FAMILY = 1;
				VERSIONING_SYSTEM = "apple-generic";
			};
			name = Release;
		};
		83CBBA201A601CBA00E9B192 /* Debug */ = {
			isa = XCBuildConfiguration;
			buildSettings = {
				ALWAYS_SEARCH_USER_PATHS = NO;
				CLANG_CXX_LANGUAGE_STANDARD = "gnu++0x";
				CLANG_CXX_LIBRARY = "libc++";
				CLANG_ENABLE_MODULES = YES;
				CLANG_ENABLE_OBJC_ARC = YES;
				CLANG_WARN_BOOL_CONVERSION = YES;
				CLANG_WARN_CONSTANT_CONVERSION = YES;
				CLANG_WARN_DIRECT_OBJC_ISA_USAGE = YES_ERROR;
				CLANG_WARN_EMPTY_BODY = YES;
				CLANG_WARN_ENUM_CONVERSION = YES;
				CLANG_WARN_INFINITE_RECURSION = YES;
				CLANG_WARN_INT_CONVERSION = YES;
				CLANG_WARN_OBJC_ROOT_CLASS = YES_ERROR;
				CLANG_WARN_SUSPICIOUS_MOVE = YES;
				CLANG_WARN_UNREACHABLE_CODE = YES;
				CLANG_WARN__DUPLICATE_METHOD_MATCH = YES;
				"CODE_SIGN_IDENTITY[sdk=iphoneos*]" = "iPhone Developer";
				COPY_PHASE_STRIP = NO;
				ENABLE_STRICT_OBJC_MSGSEND = YES;
				ENABLE_TESTABILITY = YES;
				GCC_C_LANGUAGE_STANDARD = gnu99;
				GCC_DYNAMIC_NO_PIC = NO;
				GCC_NO_COMMON_BLOCKS = YES;
				GCC_OPTIMIZATION_LEVEL = 0;
				GCC_PREPROCESSOR_DEFINITIONS = (
					"DEBUG=1",
					"$(inherited)",
				);
				GCC_SYMBOLS_PRIVATE_EXTERN = NO;
				GCC_WARN_64_TO_32_BIT_CONVERSION = YES;
				GCC_WARN_ABOUT_RETURN_TYPE = YES_ERROR;
				GCC_WARN_UNDECLARED_SELECTOR = YES;
				GCC_WARN_UNINITIALIZED_AUTOS = YES_AGGRESSIVE;
				GCC_WARN_UNUSED_FUNCTION = YES;
				GCC_WARN_UNUSED_VARIABLE = YES;
				HEADER_SEARCH_PATHS = (
					"$(inherited)",
					"$(SRCROOT)/../node_modules/react-native/React/**",
					"$(SRCROOT)/../node_modules/react-native/ReactCommon/**",
					"$(SRCROOT)/../node_modules/react-native-config/ios/ReactNativeConfig",
					"$(SRCROOT)/../node_modules/react-native-svg/ios/**",
					"$(SRCROOT)/../node_modules/react-native-vector-icons/RNVectorIconsManager",
					"$(SRCROOT)/../node_modules/react-native-video",
					"$(SRCROOT)/../node_modules/react-native-image-picker/ios",
					"$(SRCROOT)/../node_modules/react-native-video/ios",
					"$(SRCROOT)/../node_modules/react-native-permissions/**",
					"$(SRCROOT)/../node_modules/react-native-orientation/iOS/RCTOrientation/**",
				);
				IPHONEOS_DEPLOYMENT_TARGET = 8.0;
				MTL_ENABLE_DEBUG_INFO = YES;
				ONLY_ACTIVE_ARCH = YES;
				OTHER_LDFLAGS = "-lc++";
				SDKROOT = iphoneos;
			};
			name = Debug;
		};
		83CBBA211A601CBA00E9B192 /* Release */ = {
			isa = XCBuildConfiguration;
			buildSettings = {
				ALWAYS_SEARCH_USER_PATHS = NO;
				CLANG_CXX_LANGUAGE_STANDARD = "gnu++0x";
				CLANG_CXX_LIBRARY = "libc++";
				CLANG_ENABLE_MODULES = YES;
				CLANG_ENABLE_OBJC_ARC = YES;
				CLANG_WARN_BOOL_CONVERSION = YES;
				CLANG_WARN_CONSTANT_CONVERSION = YES;
				CLANG_WARN_DIRECT_OBJC_ISA_USAGE = YES_ERROR;
				CLANG_WARN_EMPTY_BODY = YES;
				CLANG_WARN_ENUM_CONVERSION = YES;
				CLANG_WARN_INFINITE_RECURSION = YES;
				CLANG_WARN_INT_CONVERSION = YES;
				CLANG_WARN_OBJC_ROOT_CLASS = YES_ERROR;
				CLANG_WARN_SUSPICIOUS_MOVE = YES;
				CLANG_WARN_UNREACHABLE_CODE = YES;
				CLANG_WARN__DUPLICATE_METHOD_MATCH = YES;
				"CODE_SIGN_IDENTITY[sdk=iphoneos*]" = "iPhone Developer";
				COPY_PHASE_STRIP = YES;
				ENABLE_NS_ASSERTIONS = NO;
				ENABLE_STRICT_OBJC_MSGSEND = YES;
				GCC_C_LANGUAGE_STANDARD = gnu99;
				GCC_NO_COMMON_BLOCKS = YES;
				GCC_WARN_64_TO_32_BIT_CONVERSION = YES;
				GCC_WARN_ABOUT_RETURN_TYPE = YES_ERROR;
				GCC_WARN_UNDECLARED_SELECTOR = YES;
				GCC_WARN_UNINITIALIZED_AUTOS = YES_AGGRESSIVE;
				GCC_WARN_UNUSED_FUNCTION = YES;
				GCC_WARN_UNUSED_VARIABLE = YES;
				HEADER_SEARCH_PATHS = (
					"$(inherited)",
					"$(SRCROOT)/../node_modules/react-native/React/**",
					"$(SRCROOT)/../node_modules/react-native/ReactCommon/**",
					"$(SRCROOT)/../node_modules/react-native-config/ios/ReactNativeConfig",
					"$(SRCROOT)/../node_modules/react-native-svg/ios/**",
					"$(SRCROOT)/../node_modules/react-native-vector-icons/RNVectorIconsManager",
					"$(SRCROOT)/../node_modules/react-native-video",
					"$(SRCROOT)/../node_modules/react-native-image-picker/ios",
					"$(SRCROOT)/../node_modules/react-native-video/ios",
					"$(SRCROOT)/../node_modules/react-native-permissions/**",
					"$(SRCROOT)/../node_modules/react-native-orientation/iOS/RCTOrientation/**",
				);
				IPHONEOS_DEPLOYMENT_TARGET = 8.0;
				MTL_ENABLE_DEBUG_INFO = NO;
				OTHER_LDFLAGS = "-lc++";
				SDKROOT = iphoneos;
				VALIDATE_PRODUCT = YES;
			};
			name = Release;
		};
/* End XCBuildConfiguration section */

/* Begin XCConfigurationList section */
		00E357021AD99517003FC87E /* Build configuration list for PBXNativeTarget "Pearson360Tests" */ = {
			isa = XCConfigurationList;
			buildConfigurations = (
				00E356F61AD99517003FC87E /* Debug */,
				00E356F71AD99517003FC87E /* Release */,
			);
			defaultConfigurationIsVisible = 0;
			defaultConfigurationName = Release;
		};
		13B07F931A680F5B00A75B9A /* Build configuration list for PBXNativeTarget "Pearson360" */ = {
			isa = XCConfigurationList;
			buildConfigurations = (
				13B07F941A680F5B00A75B9A /* Debug */,
				13B07F951A680F5B00A75B9A /* Release */,
			);
			defaultConfigurationIsVisible = 0;
			defaultConfigurationName = Release;
		};
		83CBB9FA1A601CBA00E9B192 /* Build configuration list for PBXProject "Pearson360" */ = {
			isa = XCConfigurationList;
			buildConfigurations = (
				83CBBA201A601CBA00E9B192 /* Debug */,
				83CBBA211A601CBA00E9B192 /* Release */,
			);
			defaultConfigurationIsVisible = 0;
			defaultConfigurationName = Release;
		};
/* End XCConfigurationList section */
	};
	rootObject = 83CBB9F71A601CBA00E9B192 /* Project object */;
}
